// !$*UTF8*$!
{
	archiveVersion = 1;
	classes = {
	};
	objectVersion = 50;
	objects = {

/* Begin PBXBuildFile section */
		9A38825325BAB9100044806E /* ScrollViewMainViewController.swift in Sources */ = {isa = PBXBuildFile; fileRef = 9A38825225BAB9100044806E /* ScrollViewMainViewController.swift */; };
		9A38825F25BABA160044806E /* TableViewInScrollViewVC.swift in Sources */ = {isa = PBXBuildFile; fileRef = 9A38825E25BABA160044806E /* TableViewInScrollViewVC.swift */; };
		9A42351A25875FF300C53CDA /* TableViewVC.swift in Sources */ = {isa = PBXBuildFile; fileRef = 9A42351925875FF300C53CDA /* TableViewVC.swift */; };
		9A4235222587602000C53CDA /* DragDropTableViewVC.swift in Sources */ = {isa = PBXBuildFile; fileRef = 9A4235212587602000C53CDA /* DragDropTableViewVC.swift */; };
		9A4235272587604000C53CDA /* TableViewWithButtonsVC.swift in Sources */ = {isa = PBXBuildFile; fileRef = 9A4235262587604000C53CDA /* TableViewWithButtonsVC.swift */; };
		9A49671025875827001A198B /* NoResuableCell.xib in Resources */ = {isa = PBXBuildFile; fileRef = 9A49670F25875827001A198B /* NoResuableCell.xib */; };
		9A49671525875834001A198B /* NoResuableCell.swift in Sources */ = {isa = PBXBuildFile; fileRef = 9A49671425875834001A198B /* NoResuableCell.swift */; };
		9A6FC5D32587650A00DE2692 /* TableViewCell.swift in Sources */ = {isa = PBXBuildFile; fileRef = 9A6FC5D22587650A00DE2692 /* TableViewCell.swift */; };
		9A6FC5E12587720300DE2692 /* DragDropTableViewCell.swift in Sources */ = {isa = PBXBuildFile; fileRef = 9A6FC5E02587720300DE2692 /* DragDropTableViewCell.swift */; };
		9A6FC5E72587883700DE2692 /* TableViewCellWithButtons.swift in Sources */ = {isa = PBXBuildFile; fileRef = 9A6FC5E62587883700DE2692 /* TableViewCellWithButtons.swift */; };
		9A6FC5ED258789A700DE2692 /* MultipleSelectableTableViewVC.swift in Sources */ = {isa = PBXBuildFile; fileRef = 9A6FC5EC258789A700DE2692 /* MultipleSelectableTableViewVC.swift */; };
		9A6FC5F525878A5C00DE2692 /* MultipleSelectableCollectionViewVC.swift in Sources */ = {isa = PBXBuildFile; fileRef = 9A6FC5F425878A5C00DE2692 /* MultipleSelectableCollectionViewVC.swift */; };
		9A6FC60025878C0900DE2692 /* Player.swift in Sources */ = {isa = PBXBuildFile; fileRef = 9A6FC5FF25878C0900DE2692 /* Player.swift */; };
		9A6FC605258793D500DE2692 /* TableViewCellWithButtons.xib in Resources */ = {isa = PBXBuildFile; fileRef = 9A6FC604258793D500DE2692 /* TableViewCellWithButtons.xib */; };
		9A6FC61D2587A97500DE2692 /* EditableCollectionViewVC.swift in Sources */ = {isa = PBXBuildFile; fileRef = 9A6FC61C2587A97500DE2692 /* EditableCollectionViewVC.swift */; };
		9A6FC6232587AA6A00DE2692 /* EditableTableViewVC.swift in Sources */ = {isa = PBXBuildFile; fileRef = 9A6FC6222587AA6A00DE2692 /* EditableTableViewVC.swift */; };
		9A6FC62B2588825E00DE2692 /* EditableTableViewCell.swift in Sources */ = {isa = PBXBuildFile; fileRef = 9A6FC62A2588825E00DE2692 /* EditableTableViewCell.swift */; };
		9A6FC6322588940400DE2692 /* EditableCollectionViewCell.swift in Sources */ = {isa = PBXBuildFile; fileRef = 9A6FC6312588940400DE2692 /* EditableCollectionViewCell.swift */; };
		9A7D6F252584A3490037DFE1 /* AppDelegate.swift in Sources */ = {isa = PBXBuildFile; fileRef = 9A7D6F242584A3490037DFE1 /* AppDelegate.swift */; };
		9A7D6F272584A3490037DFE1 /* SceneDelegate.swift in Sources */ = {isa = PBXBuildFile; fileRef = 9A7D6F262584A3490037DFE1 /* SceneDelegate.swift */; };
		9A7D6F292584A3490037DFE1 /* ViewController.swift in Sources */ = {isa = PBXBuildFile; fileRef = 9A7D6F282584A3490037DFE1 /* ViewController.swift */; };
		9A7D6F2C2584A3490037DFE1 /* Main.storyboard in Resources */ = {isa = PBXBuildFile; fileRef = 9A7D6F2A2584A3490037DFE1 /* Main.storyboard */; };
		9A7D6F2E2584A34B0037DFE1 /* Assets.xcassets in Resources */ = {isa = PBXBuildFile; fileRef = 9A7D6F2D2584A34B0037DFE1 /* Assets.xcassets */; };
		9A7D6F312584A34B0037DFE1 /* LaunchScreen.storyboard in Resources */ = {isa = PBXBuildFile; fileRef = 9A7D6F2F2584A34B0037DFE1 /* LaunchScreen.storyboard */; };
		9A7D6F3C2584A34B0037DFE1 /* collection_viewTests.swift in Sources */ = {isa = PBXBuildFile; fileRef = 9A7D6F3B2584A34B0037DFE1 /* collection_viewTests.swift */; };
		9A7D6F472584A34B0037DFE1 /* collection_viewUITests.swift in Sources */ = {isa = PBXBuildFile; fileRef = 9A7D6F462584A34B0037DFE1 /* collection_viewUITests.swift */; };
		9A7D6F582584A5AA0037DFE1 /* HorizontalCollectionViewVC.swift in Sources */ = {isa = PBXBuildFile; fileRef = 9A7D6F572584A5AA0037DFE1 /* HorizontalCollectionViewVC.swift */; };
		9A7D6F5D2584AADF0037DFE1 /* CollectionViewVC.swift in Sources */ = {isa = PBXBuildFile; fileRef = 9A7D6F5C2584AADF0037DFE1 /* CollectionViewVC.swift */; };
		9AAFC1FB2585E456001B4F4B /* DragDropCollectionViewVC.swift in Sources */ = {isa = PBXBuildFile; fileRef = 9AAFC1FA2585E456001B4F4B /* DragDropCollectionViewVC.swift */; };
		9AAFC2002585E46D001B4F4B /* CollectionViewWithButtonsVC.swift in Sources */ = {isa = PBXBuildFile; fileRef = 9AAFC1FF2585E46D001B4F4B /* CollectionViewWithButtonsVC.swift */; };
		9AAFC20F25864EF4001B4F4B /* Person.swift in Sources */ = {isa = PBXBuildFile; fileRef = 9AAFC20E25864EF4001B4F4B /* Person.swift */; };
		9AAFC224258651DF001B4F4B /* ReorderableCollectionViewCell.swift in Sources */ = {isa = PBXBuildFile; fileRef = 9AAFC223258651DF001B4F4B /* ReorderableCollectionViewCell.swift */; };
		9AAFC22C258658CE001B4F4B /* CellWithButtons.swift in Sources */ = {isa = PBXBuildFile; fileRef = 9AAFC22B258658CE001B4F4B /* CellWithButtons.swift */; };
		9AAFC231258681A9001B4F4B /* ReorderableItem.swift in Sources */ = {isa = PBXBuildFile; fileRef = 9AAFC230258681A9001B4F4B /* ReorderableItem.swift */; };
		9AD077432588C3910057BD07 /* TableViewMainViewController.swift in Sources */ = {isa = PBXBuildFile; fileRef = 9AD077422588C3910057BD07 /* TableViewMainViewController.swift */; };
		9AD0774B2588C3C30057BD07 /* CollectionViewMainViewController.swift in Sources */ = {isa = PBXBuildFile; fileRef = 9AD0774A2588C3C30057BD07 /* CollectionViewMainViewController.swift */; };
		9AD077532588CE080057BD07 /* MultipleSelectableTableViewCell.swift in Sources */ = {isa = PBXBuildFile; fileRef = 9AD077522588CE080057BD07 /* MultipleSelectableTableViewCell.swift */; };
		9AD0775E2588F49C0057BD07 /* CollectionViewCellWithButtons.swift in Sources */ = {isa = PBXBuildFile; fileRef = 9AD0775D2588F49C0057BD07 /* CollectionViewCellWithButtons.swift */; };
/* End PBXBuildFile section */

/* Begin PBXContainerItemProxy section */
		9A7D6F382584A34B0037DFE1 /* PBXContainerItemProxy */ = {
			isa = PBXContainerItemProxy;
			containerPortal = 9A7D6F192584A3490037DFE1 /* Project object */;
			proxyType = 1;
			remoteGlobalIDString = 9A7D6F202584A3490037DFE1;
			remoteInfo = collection_view;
		};
		9A7D6F432584A34B0037DFE1 /* PBXContainerItemProxy */ = {
			isa = PBXContainerItemProxy;
			containerPortal = 9A7D6F192584A3490037DFE1 /* Project object */;
			proxyType = 1;
			remoteGlobalIDString = 9A7D6F202584A3490037DFE1;
			remoteInfo = collection_view;
		};
/* End PBXContainerItemProxy section */

/* Begin PBXFileReference section */
		9A38825225BAB9100044806E /* ScrollViewMainViewController.swift */ = {isa = PBXFileReference; lastKnownFileType = sourcecode.swift; path = ScrollViewMainViewController.swift; sourceTree = "<group>"; };
		9A38825E25BABA160044806E /* TableViewInScrollViewVC.swift */ = {isa = PBXFileReference; lastKnownFileType = sourcecode.swift; path = TableViewInScrollViewVC.swift; sourceTree = "<group>"; };
		9A42351925875FF300C53CDA /* TableViewVC.swift */ = {isa = PBXFileReference; lastKnownFileType = sourcecode.swift; path = TableViewVC.swift; sourceTree = "<group>"; };
		9A4235212587602000C53CDA /* DragDropTableViewVC.swift */ = {isa = PBXFileReference; lastKnownFileType = sourcecode.swift; path = DragDropTableViewVC.swift; sourceTree = "<group>"; };
		9A4235262587604000C53CDA /* TableViewWithButtonsVC.swift */ = {isa = PBXFileReference; lastKnownFileType = sourcecode.swift; path = TableViewWithButtonsVC.swift; sourceTree = "<group>"; };
		9A49670F25875827001A198B /* NoResuableCell.xib */ = {isa = PBXFileReference; lastKnownFileType = file.xib; path = NoResuableCell.xib; sourceTree = "<group>"; };
		9A49671425875834001A198B /* NoResuableCell.swift */ = {isa = PBXFileReference; lastKnownFileType = sourcecode.swift; path = NoResuableCell.swift; sourceTree = "<group>"; };
		9A6FC5D22587650A00DE2692 /* TableViewCell.swift */ = {isa = PBXFileReference; lastKnownFileType = sourcecode.swift; path = TableViewCell.swift; sourceTree = "<group>"; };
		9A6FC5E02587720300DE2692 /* DragDropTableViewCell.swift */ = {isa = PBXFileReference; lastKnownFileType = sourcecode.swift; path = DragDropTableViewCell.swift; sourceTree = "<group>"; };
		9A6FC5E62587883700DE2692 /* TableViewCellWithButtons.swift */ = {isa = PBXFileReference; lastKnownFileType = sourcecode.swift; path = TableViewCellWithButtons.swift; sourceTree = "<group>"; };
		9A6FC5EC258789A700DE2692 /* MultipleSelectableTableViewVC.swift */ = {isa = PBXFileReference; lastKnownFileType = sourcecode.swift; path = MultipleSelectableTableViewVC.swift; sourceTree = "<group>"; };
		9A6FC5F425878A5C00DE2692 /* MultipleSelectableCollectionViewVC.swift */ = {isa = PBXFileReference; lastKnownFileType = sourcecode.swift; path = MultipleSelectableCollectionViewVC.swift; sourceTree = "<group>"; };
		9A6FC5FF25878C0900DE2692 /* Player.swift */ = {isa = PBXFileReference; lastKnownFileType = sourcecode.swift; path = Player.swift; sourceTree = "<group>"; };
		9A6FC604258793D500DE2692 /* TableViewCellWithButtons.xib */ = {isa = PBXFileReference; lastKnownFileType = file.xib; path = TableViewCellWithButtons.xib; sourceTree = "<group>"; };
		9A6FC61C2587A97500DE2692 /* EditableCollectionViewVC.swift */ = {isa = PBXFileReference; lastKnownFileType = sourcecode.swift; path = EditableCollectionViewVC.swift; sourceTree = "<group>"; };
		9A6FC6222587AA6A00DE2692 /* EditableTableViewVC.swift */ = {isa = PBXFileReference; lastKnownFileType = sourcecode.swift; path = EditableTableViewVC.swift; sourceTree = "<group>"; };
		9A6FC62A2588825E00DE2692 /* EditableTableViewCell.swift */ = {isa = PBXFileReference; lastKnownFileType = sourcecode.swift; path = EditableTableViewCell.swift; sourceTree = "<group>"; };
		9A6FC6312588940400DE2692 /* EditableCollectionViewCell.swift */ = {isa = PBXFileReference; lastKnownFileType = sourcecode.swift; path = EditableCollectionViewCell.swift; sourceTree = "<group>"; };
		9A7D6F212584A3490037DFE1 /* collection_view.app */ = {isa = PBXFileReference; explicitFileType = wrapper.application; includeInIndex = 0; path = collection_view.app; sourceTree = BUILT_PRODUCTS_DIR; };
		9A7D6F242584A3490037DFE1 /* AppDelegate.swift */ = {isa = PBXFileReference; lastKnownFileType = sourcecode.swift; path = AppDelegate.swift; sourceTree = "<group>"; };
		9A7D6F262584A3490037DFE1 /* SceneDelegate.swift */ = {isa = PBXFileReference; lastKnownFileType = sourcecode.swift; path = SceneDelegate.swift; sourceTree = "<group>"; };
		9A7D6F282584A3490037DFE1 /* ViewController.swift */ = {isa = PBXFileReference; lastKnownFileType = sourcecode.swift; path = ViewController.swift; sourceTree = "<group>"; };
		9A7D6F2B2584A3490037DFE1 /* Base */ = {isa = PBXFileReference; lastKnownFileType = file.storyboard; name = Base; path = Base.lproj/Main.storyboard; sourceTree = "<group>"; };
		9A7D6F2D2584A34B0037DFE1 /* Assets.xcassets */ = {isa = PBXFileReference; lastKnownFileType = folder.assetcatalog; path = Assets.xcassets; sourceTree = "<group>"; };
		9A7D6F302584A34B0037DFE1 /* Base */ = {isa = PBXFileReference; lastKnownFileType = file.storyboard; name = Base; path = Base.lproj/LaunchScreen.storyboard; sourceTree = "<group>"; };
		9A7D6F322584A34B0037DFE1 /* Info.plist */ = {isa = PBXFileReference; lastKnownFileType = text.plist.xml; path = Info.plist; sourceTree = "<group>"; };
		9A7D6F372584A34B0037DFE1 /* collection_viewTests.xctest */ = {isa = PBXFileReference; explicitFileType = wrapper.cfbundle; includeInIndex = 0; path = collection_viewTests.xctest; sourceTree = BUILT_PRODUCTS_DIR; };
		9A7D6F3B2584A34B0037DFE1 /* collection_viewTests.swift */ = {isa = PBXFileReference; lastKnownFileType = sourcecode.swift; path = collection_viewTests.swift; sourceTree = "<group>"; };
		9A7D6F3D2584A34B0037DFE1 /* Info.plist */ = {isa = PBXFileReference; lastKnownFileType = text.plist.xml; path = Info.plist; sourceTree = "<group>"; };
		9A7D6F422584A34B0037DFE1 /* collection_viewUITests.xctest */ = {isa = PBXFileReference; explicitFileType = wrapper.cfbundle; includeInIndex = 0; path = collection_viewUITests.xctest; sourceTree = BUILT_PRODUCTS_DIR; };
		9A7D6F462584A34B0037DFE1 /* collection_viewUITests.swift */ = {isa = PBXFileReference; lastKnownFileType = sourcecode.swift; path = collection_viewUITests.swift; sourceTree = "<group>"; };
		9A7D6F482584A34B0037DFE1 /* Info.plist */ = {isa = PBXFileReference; lastKnownFileType = text.plist.xml; path = Info.plist; sourceTree = "<group>"; };
		9A7D6F572584A5AA0037DFE1 /* HorizontalCollectionViewVC.swift */ = {isa = PBXFileReference; lastKnownFileType = sourcecode.swift; path = HorizontalCollectionViewVC.swift; sourceTree = "<group>"; };
		9A7D6F5C2584AADF0037DFE1 /* CollectionViewVC.swift */ = {isa = PBXFileReference; lastKnownFileType = sourcecode.swift; path = CollectionViewVC.swift; sourceTree = "<group>"; };
		9AAFC1FA2585E456001B4F4B /* DragDropCollectionViewVC.swift */ = {isa = PBXFileReference; lastKnownFileType = sourcecode.swift; path = DragDropCollectionViewVC.swift; sourceTree = "<group>"; };
		9AAFC1FF2585E46D001B4F4B /* CollectionViewWithButtonsVC.swift */ = {isa = PBXFileReference; lastKnownFileType = sourcecode.swift; path = CollectionViewWithButtonsVC.swift; sourceTree = "<group>"; };
		9AAFC20E25864EF4001B4F4B /* Person.swift */ = {isa = PBXFileReference; lastKnownFileType = sourcecode.swift; path = Person.swift; sourceTree = "<group>"; };
		9AAFC223258651DF001B4F4B /* ReorderableCollectionViewCell.swift */ = {isa = PBXFileReference; lastKnownFileType = sourcecode.swift; path = ReorderableCollectionViewCell.swift; sourceTree = "<group>"; };
		9AAFC22B258658CE001B4F4B /* CellWithButtons.swift */ = {isa = PBXFileReference; lastKnownFileType = sourcecode.swift; path = CellWithButtons.swift; sourceTree = "<group>"; };
		9AAFC230258681A9001B4F4B /* ReorderableItem.swift */ = {isa = PBXFileReference; lastKnownFileType = sourcecode.swift; path = ReorderableItem.swift; sourceTree = "<group>"; };
		9AD077422588C3910057BD07 /* TableViewMainViewController.swift */ = {isa = PBXFileReference; lastKnownFileType = sourcecode.swift; path = TableViewMainViewController.swift; sourceTree = "<group>"; };
		9AD0774A2588C3C30057BD07 /* CollectionViewMainViewController.swift */ = {isa = PBXFileReference; lastKnownFileType = sourcecode.swift; path = CollectionViewMainViewController.swift; sourceTree = "<group>"; };
		9AD077522588CE080057BD07 /* MultipleSelectableTableViewCell.swift */ = {isa = PBXFileReference; lastKnownFileType = sourcecode.swift; path = MultipleSelectableTableViewCell.swift; sourceTree = "<group>"; };
		9AD0775D2588F49C0057BD07 /* CollectionViewCellWithButtons.swift */ = {isa = PBXFileReference; lastKnownFileType = sourcecode.swift; path = CollectionViewCellWithButtons.swift; sourceTree = "<group>"; };
/* End PBXFileReference section */

/* Begin PBXFrameworksBuildPhase section */
		9A7D6F1E2584A3490037DFE1 /* Frameworks */ = {
			isa = PBXFrameworksBuildPhase;
			buildActionMask = 2147483647;
			files = (
			);
			runOnlyForDeploymentPostprocessing = 0;
		};
		9A7D6F342584A34B0037DFE1 /* Frameworks */ = {
			isa = PBXFrameworksBuildPhase;
			buildActionMask = 2147483647;
			files = (
			);
			runOnlyForDeploymentPostprocessing = 0;
		};
		9A7D6F3F2584A34B0037DFE1 /* Frameworks */ = {
			isa = PBXFrameworksBuildPhase;
			buildActionMask = 2147483647;
			files = (
			);
			runOnlyForDeploymentPostprocessing = 0;
		};
/* End PBXFrameworksBuildPhase section */

/* Begin PBXGroup section */
		9A38825025BAB8C10044806E /* ScrollView */ = {
			isa = PBXGroup;
			children = (
				9A38825D25BABA000044806E /* TableView In ScrollView */,
			);
			path = ScrollView;
			sourceTree = "<group>";
		};
		9A38825D25BABA000044806E /* TableView In ScrollView */ = {
			isa = PBXGroup;
			children = (
				9A38825E25BABA160044806E /* TableViewInScrollViewVC.swift */,
			);
			path = "TableView In ScrollView";
			sourceTree = "<group>";
		};
		9A42351725875FBB00C53CDA /* CollectionView */ = {
			isa = PBXGroup;
			children = (
				9A6FC5DA2587669B00DE2692 /* CollectionView */,
				9A6FC5D92587668000DE2692 /* HorizontalCollectionView */,
				9A6FC5DB258766A500DE2692 /* DragDropCollectionView */,
				9A6FC61B2587A92800DE2692 /* EditableCollectionView */,
				9A6FC5DC258766B000DE2692 /* CollectionViewWithButtons */,
				9A6FC5D82587667500DE2692 /* MultipleSelectableCollectionView */,
			);
			path = CollectionView;
			sourceTree = "<group>";
		};
		9A42351825875FD700C53CDA /* TableView */ = {
			isa = PBXGroup;
			children = (
				9A42352E2587625A00C53CDA /* TableView */,
				9A42352F2587626500C53CDA /* DragDropTableView */,
				9A6FC6212587AA3400DE2692 /* EditableTableView */,
				9A4235302587627400C53CDA /* TableViewWithButtons */,
				9A6FC5D72587666600DE2692 /* MultipleSelectableTableView */,
			);
			path = TableView;
			sourceTree = "<group>";
		};
		9A42352E2587625A00C53CDA /* TableView */ = {
			isa = PBXGroup;
			children = (
				9A42351925875FF300C53CDA /* TableViewVC.swift */,
				9A6FC5D22587650A00DE2692 /* TableViewCell.swift */,
			);
			path = TableView;
			sourceTree = "<group>";
		};
		9A42352F2587626500C53CDA /* DragDropTableView */ = {
			isa = PBXGroup;
			children = (
				9A4235212587602000C53CDA /* DragDropTableViewVC.swift */,
				9A6FC5E02587720300DE2692 /* DragDropTableViewCell.swift */,
			);
			path = DragDropTableView;
			sourceTree = "<group>";
		};
		9A4235302587627400C53CDA /* TableViewWithButtons */ = {
			isa = PBXGroup;
			children = (
				9A4235262587604000C53CDA /* TableViewWithButtonsVC.swift */,
				9A6FC5E62587883700DE2692 /* TableViewCellWithButtons.swift */,
				9A6FC604258793D500DE2692 /* TableViewCellWithButtons.xib */,
			);
			path = TableViewWithButtons;
			sourceTree = "<group>";
		};
		9A6FC5D72587666600DE2692 /* MultipleSelectableTableView */ = {
			isa = PBXGroup;
			children = (
				9A6FC5EC258789A700DE2692 /* MultipleSelectableTableViewVC.swift */,
				9AD077522588CE080057BD07 /* MultipleSelectableTableViewCell.swift */,
			);
			path = MultipleSelectableTableView;
			sourceTree = "<group>";
		};
		9A6FC5D82587667500DE2692 /* MultipleSelectableCollectionView */ = {
			isa = PBXGroup;
			children = (
				9A6FC5F425878A5C00DE2692 /* MultipleSelectableCollectionViewVC.swift */,
			);
			path = MultipleSelectableCollectionView;
			sourceTree = "<group>";
		};
		9A6FC5D92587668000DE2692 /* HorizontalCollectionView */ = {
			isa = PBXGroup;
			children = (
				9A7D6F572584A5AA0037DFE1 /* HorizontalCollectionViewVC.swift */,
			);
			path = HorizontalCollectionView;
			sourceTree = "<group>";
		};
		9A6FC5DA2587669B00DE2692 /* CollectionView */ = {
			isa = PBXGroup;
			children = (
				9A7D6F5C2584AADF0037DFE1 /* CollectionViewVC.swift */,
			);
			path = CollectionView;
			sourceTree = "<group>";
		};
		9A6FC5DB258766A500DE2692 /* DragDropCollectionView */ = {
			isa = PBXGroup;
			children = (
				9AAFC1FA2585E456001B4F4B /* DragDropCollectionViewVC.swift */,
			);
			path = DragDropCollectionView;
			sourceTree = "<group>";
		};
		9A6FC5DC258766B000DE2692 /* CollectionViewWithButtons */ = {
			isa = PBXGroup;
			children = (
				9AAFC1FF2585E46D001B4F4B /* CollectionViewWithButtonsVC.swift */,
				9AD0775D2588F49C0057BD07 /* CollectionViewCellWithButtons.swift */,
			);
			path = CollectionViewWithButtons;
			sourceTree = "<group>";
		};
		9A6FC61B2587A92800DE2692 /* EditableCollectionView */ = {
			isa = PBXGroup;
			children = (
				9A6FC61C2587A97500DE2692 /* EditableCollectionViewVC.swift */,
				9A6FC6312588940400DE2692 /* EditableCollectionViewCell.swift */,
			);
			path = EditableCollectionView;
			sourceTree = "<group>";
		};
		9A6FC6212587AA3400DE2692 /* EditableTableView */ = {
			isa = PBXGroup;
			children = (
				9A6FC6222587AA6A00DE2692 /* EditableTableViewVC.swift */,
				9A6FC62A2588825E00DE2692 /* EditableTableViewCell.swift */,
			);
			path = EditableTableView;
			sourceTree = "<group>";
		};
		9A7D6F182584A3490037DFE1 = {
			isa = PBXGroup;
			children = (
				9A7D6F232584A3490037DFE1 /* collection_view */,
				9A7D6F3A2584A34B0037DFE1 /* collection_viewTests */,
				9A7D6F452584A34B0037DFE1 /* collection_viewUITests */,
				9A7D6F222584A3490037DFE1 /* Products */,
			);
			sourceTree = "<group>";
		};
		9A7D6F222584A3490037DFE1 /* Products */ = {
			isa = PBXGroup;
			children = (
				9A7D6F212584A3490037DFE1 /* collection_view.app */,
				9A7D6F372584A34B0037DFE1 /* collection_viewTests.xctest */,
				9A7D6F422584A34B0037DFE1 /* collection_viewUITests.xctest */,
			);
			name = Products;
			sourceTree = "<group>";
		};
		9A7D6F232584A3490037DFE1 /* collection_view */ = {
			isa = PBXGroup;
			children = (
				9A7D6F242584A3490037DFE1 /* AppDelegate.swift */,
				9A7D6F262584A3490037DFE1 /* SceneDelegate.swift */,
				9A7D6F2D2584A34B0037DFE1 /* Assets.xcassets */,
				9A7D6F2F2584A34B0037DFE1 /* LaunchScreen.storyboard */,
				9A7D6F322584A34B0037DFE1 /* Info.plist */,
				9AAFC20D25864EE6001B4F4B /* Model */,
				9AAFC1F62585E1BE001B4F4B /* ViewController */,
			);
			path = collection_view;
			sourceTree = "<group>";
		};
		9A7D6F3A2584A34B0037DFE1 /* collection_viewTests */ = {
			isa = PBXGroup;
			children = (
				9A7D6F3B2584A34B0037DFE1 /* collection_viewTests.swift */,
				9A7D6F3D2584A34B0037DFE1 /* Info.plist */,
			);
			path = collection_viewTests;
			sourceTree = "<group>";
		};
		9A7D6F452584A34B0037DFE1 /* collection_viewUITests */ = {
			isa = PBXGroup;
			children = (
				9A7D6F462584A34B0037DFE1 /* collection_viewUITests.swift */,
				9A7D6F482584A34B0037DFE1 /* Info.plist */,
			);
			path = collection_viewUITests;
			sourceTree = "<group>";
		};
		9AAFC1F62585E1BE001B4F4B /* ViewController */ = {
			isa = PBXGroup;
			children = (
				9A7D6F2A2584A3490037DFE1 /* Main.storyboard */,
				9A7D6F282584A3490037DFE1 /* ViewController.swift */,
				9AD077422588C3910057BD07 /* TableViewMainViewController.swift */,
				9AD0774A2588C3C30057BD07 /* CollectionViewMainViewController.swift */,
				9A38825225BAB9100044806E /* ScrollViewMainViewController.swift */,
				9A38825025BAB8C10044806E /* ScrollView */,
				9A42351825875FD700C53CDA /* TableView */,
				9A42351725875FBB00C53CDA /* CollectionView */,
			);
			path = ViewController;
			sourceTree = "<group>";
		};
		9AAFC20D25864EE6001B4F4B /* Model */ = {
			isa = PBXGroup;
			children = (
				9AAFC20E25864EF4001B4F4B /* Person.swift */,
				9AAFC223258651DF001B4F4B /* ReorderableCollectionViewCell.swift */,
				9AAFC22B258658CE001B4F4B /* CellWithButtons.swift */,
				9AAFC230258681A9001B4F4B /* ReorderableItem.swift */,
				9A49670F25875827001A198B /* NoResuableCell.xib */,
				9A49671425875834001A198B /* NoResuableCell.swift */,
				9A6FC5FF25878C0900DE2692 /* Player.swift */,
			);
			path = Model;
			sourceTree = "<group>";
		};
/* End PBXGroup section */

/* Begin PBXNativeTarget section */
		9A7D6F202584A3490037DFE1 /* collection_view */ = {
			isa = PBXNativeTarget;
			buildConfigurationList = 9A7D6F4B2584A34B0037DFE1 /* Build configuration list for PBXNativeTarget "collection_view" */;
			buildPhases = (
				9A7D6F1D2584A3490037DFE1 /* Sources */,
				9A7D6F1E2584A3490037DFE1 /* Frameworks */,
				9A7D6F1F2584A3490037DFE1 /* Resources */,
			);
			buildRules = (
			);
			dependencies = (
			);
			name = collection_view;
			productName = collection_view;
			productReference = 9A7D6F212584A3490037DFE1 /* collection_view.app */;
			productType = "com.apple.product-type.application";
		};
		9A7D6F362584A34B0037DFE1 /* collection_viewTests */ = {
			isa = PBXNativeTarget;
			buildConfigurationList = 9A7D6F4E2584A34B0037DFE1 /* Build configuration list for PBXNativeTarget "collection_viewTests" */;
			buildPhases = (
				9A7D6F332584A34B0037DFE1 /* Sources */,
				9A7D6F342584A34B0037DFE1 /* Frameworks */,
				9A7D6F352584A34B0037DFE1 /* Resources */,
			);
			buildRules = (
			);
			dependencies = (
				9A7D6F392584A34B0037DFE1 /* PBXTargetDependency */,
			);
			name = collection_viewTests;
			productName = collection_viewTests;
			productReference = 9A7D6F372584A34B0037DFE1 /* collection_viewTests.xctest */;
			productType = "com.apple.product-type.bundle.unit-test";
		};
		9A7D6F412584A34B0037DFE1 /* collection_viewUITests */ = {
			isa = PBXNativeTarget;
			buildConfigurationList = 9A7D6F512584A34B0037DFE1 /* Build configuration list for PBXNativeTarget "collection_viewUITests" */;
			buildPhases = (
				9A7D6F3E2584A34B0037DFE1 /* Sources */,
				9A7D6F3F2584A34B0037DFE1 /* Frameworks */,
				9A7D6F402584A34B0037DFE1 /* Resources */,
			);
			buildRules = (
			);
			dependencies = (
				9A7D6F442584A34B0037DFE1 /* PBXTargetDependency */,
			);
			name = collection_viewUITests;
			productName = collection_viewUITests;
			productReference = 9A7D6F422584A34B0037DFE1 /* collection_viewUITests.xctest */;
			productType = "com.apple.product-type.bundle.ui-testing";
		};
/* End PBXNativeTarget section */

/* Begin PBXProject section */
		9A7D6F192584A3490037DFE1 /* Project object */ = {
			isa = PBXProject;
			attributes = {
				LastSwiftUpdateCheck = 1220;
				LastUpgradeCheck = 1220;
				TargetAttributes = {
					9A7D6F202584A3490037DFE1 = {
						CreatedOnToolsVersion = 12.2;
					};
					9A7D6F362584A34B0037DFE1 = {
						CreatedOnToolsVersion = 12.2;
						TestTargetID = 9A7D6F202584A3490037DFE1;
					};
					9A7D6F412584A34B0037DFE1 = {
						CreatedOnToolsVersion = 12.2;
						TestTargetID = 9A7D6F202584A3490037DFE1;
					};
				};
			};
			buildConfigurationList = 9A7D6F1C2584A3490037DFE1 /* Build configuration list for PBXProject "collection_view" */;
			compatibilityVersion = "Xcode 9.3";
			developmentRegion = en;
			hasScannedForEncodings = 0;
			knownRegions = (
				en,
				Base,
			);
			mainGroup = 9A7D6F182584A3490037DFE1;
			productRefGroup = 9A7D6F222584A3490037DFE1 /* Products */;
			projectDirPath = "";
			projectRoot = "";
			targets = (
				9A7D6F202584A3490037DFE1 /* collection_view */,
				9A7D6F362584A34B0037DFE1 /* collection_viewTests */,
				9A7D6F412584A34B0037DFE1 /* collection_viewUITests */,
			);
		};
/* End PBXProject section */

/* Begin PBXResourcesBuildPhase section */
		9A7D6F1F2584A3490037DFE1 /* Resources */ = {
			isa = PBXResourcesBuildPhase;
			buildActionMask = 2147483647;
			files = (
				9A7D6F312584A34B0037DFE1 /* LaunchScreen.storyboard in Resources */,
				9A7D6F2E2584A34B0037DFE1 /* Assets.xcassets in Resources */,
				9A6FC605258793D500DE2692 /* TableViewCellWithButtons.xib in Resources */,
				9A7D6F2C2584A3490037DFE1 /* Main.storyboard in Resources */,
				9A49671025875827001A198B /* NoResuableCell.xib in Resources */,
			);
			runOnlyForDeploymentPostprocessing = 0;
		};
		9A7D6F352584A34B0037DFE1 /* Resources */ = {
			isa = PBXResourcesBuildPhase;
			buildActionMask = 2147483647;
			files = (
			);
			runOnlyForDeploymentPostprocessing = 0;
		};
		9A7D6F402584A34B0037DFE1 /* Resources */ = {
			isa = PBXResourcesBuildPhase;
			buildActionMask = 2147483647;
			files = (
			);
			runOnlyForDeploymentPostprocessing = 0;
		};
/* End PBXResourcesBuildPhase section */

/* Begin PBXSourcesBuildPhase section */
		9A7D6F1D2584A3490037DFE1 /* Sources */ = {
			isa = PBXSourcesBuildPhase;
			buildActionMask = 2147483647;
			files = (
				9A7D6F292584A3490037DFE1 /* ViewController.swift in Sources */,
				9A6FC61D2587A97500DE2692 /* EditableCollectionViewVC.swift in Sources */,
				9A6FC5D32587650A00DE2692 /* TableViewCell.swift in Sources */,
				9AD077432588C3910057BD07 /* TableViewMainViewController.swift in Sources */,
				9A6FC62B2588825E00DE2692 /* EditableTableViewCell.swift in Sources */,
				9A6FC5E12587720300DE2692 /* DragDropTableViewCell.swift in Sources */,
				9A7D6F252584A3490037DFE1 /* AppDelegate.swift in Sources */,
				9A6FC60025878C0900DE2692 /* Player.swift in Sources */,
				9AAFC231258681A9001B4F4B /* ReorderableItem.swift in Sources */,
				9AAFC224258651DF001B4F4B /* ReorderableCollectionViewCell.swift in Sources */,
				9A7D6F582584A5AA0037DFE1 /* HorizontalCollectionViewVC.swift in Sources */,
				9A7D6F272584A3490037DFE1 /* SceneDelegate.swift in Sources */,
				9A38825F25BABA160044806E /* TableViewInScrollViewVC.swift in Sources */,
				9AAFC2002585E46D001B4F4B /* CollectionViewWithButtonsVC.swift in Sources */,
				9AD0775E2588F49C0057BD07 /* CollectionViewCellWithButtons.swift in Sources */,
				9A6FC6322588940400DE2692 /* EditableCollectionViewCell.swift in Sources */,
				9A7D6F5D2584AADF0037DFE1 /* CollectionViewVC.swift in Sources */,
				9A42351A25875FF300C53CDA /* TableViewVC.swift in Sources */,
				9A38825325BAB9100044806E /* ScrollViewMainViewController.swift in Sources */,
				9AD0774B2588C3C30057BD07 /* CollectionViewMainViewController.swift in Sources */,
				9AAFC20F25864EF4001B4F4B /* Person.swift in Sources */,
				9A6FC6232587AA6A00DE2692 /* EditableTableViewVC.swift in Sources */,
				9AD077532588CE080057BD07 /* MultipleSelectableTableViewCell.swift in Sources */,
				9A6FC5F525878A5C00DE2692 /* MultipleSelectableCollectionViewVC.swift in Sources */,
				9A6FC5ED258789A700DE2692 /* MultipleSelectableTableViewVC.swift in Sources */,
				9A4235272587604000C53CDA /* TableViewWithButtonsVC.swift in Sources */,
				9A6FC5E72587883700DE2692 /* TableViewCellWithButtons.swift in Sources */,
				9AAFC1FB2585E456001B4F4B /* DragDropCollectionViewVC.swift in Sources */,
				9AAFC22C258658CE001B4F4B /* CellWithButtons.swift in Sources */,
				9A4235222587602000C53CDA /* DragDropTableViewVC.swift in Sources */,
				9A49671525875834001A198B /* NoResuableCell.swift in Sources */,
			);
			runOnlyForDeploymentPostprocessing = 0;
		};
		9A7D6F332584A34B0037DFE1 /* Sources */ = {
			isa = PBXSourcesBuildPhase;
			buildActionMask = 2147483647;
			files = (
				9A7D6F3C2584A34B0037DFE1 /* collection_viewTests.swift in Sources */,
			);
			runOnlyForDeploymentPostprocessing = 0;
		};
		9A7D6F3E2584A34B0037DFE1 /* Sources */ = {
			isa = PBXSourcesBuildPhase;
			buildActionMask = 2147483647;
			files = (
				9A7D6F472584A34B0037DFE1 /* collection_viewUITests.swift in Sources */,
			);
			runOnlyForDeploymentPostprocessing = 0;
		};
/* End PBXSourcesBuildPhase section */

/* Begin PBXTargetDependency section */
		9A7D6F392584A34B0037DFE1 /* PBXTargetDependency */ = {
			isa = PBXTargetDependency;
			target = 9A7D6F202584A3490037DFE1 /* collection_view */;
			targetProxy = 9A7D6F382584A34B0037DFE1 /* PBXContainerItemProxy */;
		};
		9A7D6F442584A34B0037DFE1 /* PBXTargetDependency */ = {
			isa = PBXTargetDependency;
			target = 9A7D6F202584A3490037DFE1 /* collection_view */;
			targetProxy = 9A7D6F432584A34B0037DFE1 /* PBXContainerItemProxy */;
		};
/* End PBXTargetDependency section */

/* Begin PBXVariantGroup section */
		9A7D6F2A2584A3490037DFE1 /* Main.storyboard */ = {
			isa = PBXVariantGroup;
			children = (
				9A7D6F2B2584A3490037DFE1 /* Base */,
			);
			name = Main.storyboard;
			sourceTree = "<group>";
		};
		9A7D6F2F2584A34B0037DFE1 /* LaunchScreen.storyboard */ = {
			isa = PBXVariantGroup;
			children = (
				9A7D6F302584A34B0037DFE1 /* Base */,
			);
			name = LaunchScreen.storyboard;
			sourceTree = "<group>";
		};
/* End PBXVariantGroup section */

/* Begin XCBuildConfiguration section */
		9A7D6F492584A34B0037DFE1 /* Debug */ = {
			isa = XCBuildConfiguration;
			buildSettings = {
				ALWAYS_SEARCH_USER_PATHS = NO;
				CLANG_ANALYZER_NONNULL = YES;
				CLANG_ANALYZER_NUMBER_OBJECT_CONVERSION = YES_AGGRESSIVE;
				CLANG_CXX_LANGUAGE_STANDARD = "gnu++14";
				CLANG_CXX_LIBRARY = "libc++";
				CLANG_ENABLE_MODULES = YES;
				CLANG_ENABLE_OBJC_ARC = YES;
				CLANG_ENABLE_OBJC_WEAK = YES;
				CLANG_WARN_BLOCK_CAPTURE_AUTORELEASING = YES;
				CLANG_WARN_BOOL_CONVERSION = YES;
				CLANG_WARN_COMMA = YES;
				CLANG_WARN_CONSTANT_CONVERSION = YES;
				CLANG_WARN_DEPRECATED_OBJC_IMPLEMENTATIONS = YES;
				CLANG_WARN_DIRECT_OBJC_ISA_USAGE = YES_ERROR;
				CLANG_WARN_DOCUMENTATION_COMMENTS = YES;
				CLANG_WARN_EMPTY_BODY = YES;
				CLANG_WARN_ENUM_CONVERSION = YES;
				CLANG_WARN_INFINITE_RECURSION = YES;
				CLANG_WARN_INT_CONVERSION = YES;
				CLANG_WARN_NON_LITERAL_NULL_CONVERSION = YES;
				CLANG_WARN_OBJC_IMPLICIT_RETAIN_SELF = YES;
				CLANG_WARN_OBJC_LITERAL_CONVERSION = YES;
				CLANG_WARN_OBJC_ROOT_CLASS = YES_ERROR;
				CLANG_WARN_QUOTED_INCLUDE_IN_FRAMEWORK_HEADER = YES;
				CLANG_WARN_RANGE_LOOP_ANALYSIS = YES;
				CLANG_WARN_STRICT_PROTOTYPES = YES;
				CLANG_WARN_SUSPICIOUS_MOVE = YES;
				CLANG_WARN_UNGUARDED_AVAILABILITY = YES_AGGRESSIVE;
				CLANG_WARN_UNREACHABLE_CODE = YES;
				CLANG_WARN__DUPLICATE_METHOD_MATCH = YES;
				COPY_PHASE_STRIP = NO;
				DEBUG_INFORMATION_FORMAT = dwarf;
				ENABLE_STRICT_OBJC_MSGSEND = YES;
				ENABLE_TESTABILITY = YES;
				GCC_C_LANGUAGE_STANDARD = gnu11;
				GCC_DYNAMIC_NO_PIC = NO;
				GCC_NO_COMMON_BLOCKS = YES;
				GCC_OPTIMIZATION_LEVEL = 0;
				GCC_PREPROCESSOR_DEFINITIONS = (
					"DEBUG=1",
					"$(inherited)",
				);
				GCC_WARN_64_TO_32_BIT_CONVERSION = YES;
				GCC_WARN_ABOUT_RETURN_TYPE = YES_ERROR;
				GCC_WARN_UNDECLARED_SELECTOR = YES;
				GCC_WARN_UNINITIALIZED_AUTOS = YES_AGGRESSIVE;
				GCC_WARN_UNUSED_FUNCTION = YES;
				GCC_WARN_UNUSED_VARIABLE = YES;
				IPHONEOS_DEPLOYMENT_TARGET = 14.2;
				MTL_ENABLE_DEBUG_INFO = INCLUDE_SOURCE;
				MTL_FAST_MATH = YES;
				ONLY_ACTIVE_ARCH = YES;
				SDKROOT = iphoneos;
				SWIFT_ACTIVE_COMPILATION_CONDITIONS = DEBUG;
				SWIFT_OPTIMIZATION_LEVEL = "-Onone";
			};
			name = Debug;
		};
		9A7D6F4A2584A34B0037DFE1 /* Release */ = {
			isa = XCBuildConfiguration;
			buildSettings = {
				ALWAYS_SEARCH_USER_PATHS = NO;
				CLANG_ANALYZER_NONNULL = YES;
				CLANG_ANALYZER_NUMBER_OBJECT_CONVERSION = YES_AGGRESSIVE;
				CLANG_CXX_LANGUAGE_STANDARD = "gnu++14";
				CLANG_CXX_LIBRARY = "libc++";
				CLANG_ENABLE_MODULES = YES;
				CLANG_ENABLE_OBJC_ARC = YES;
				CLANG_ENABLE_OBJC_WEAK = YES;
				CLANG_WARN_BLOCK_CAPTURE_AUTORELEASING = YES;
				CLANG_WARN_BOOL_CONVERSION = YES;
				CLANG_WARN_COMMA = YES;
				CLANG_WARN_CONSTANT_CONVERSION = YES;
				CLANG_WARN_DEPRECATED_OBJC_IMPLEMENTATIONS = YES;
				CLANG_WARN_DIRECT_OBJC_ISA_USAGE = YES_ERROR;
				CLANG_WARN_DOCUMENTATION_COMMENTS = YES;
				CLANG_WARN_EMPTY_BODY = YES;
				CLANG_WARN_ENUM_CONVERSION = YES;
				CLANG_WARN_INFINITE_RECURSION = YES;
				CLANG_WARN_INT_CONVERSION = YES;
				CLANG_WARN_NON_LITERAL_NULL_CONVERSION = YES;
				CLANG_WARN_OBJC_IMPLICIT_RETAIN_SELF = YES;
				CLANG_WARN_OBJC_LITERAL_CONVERSION = YES;
				CLANG_WARN_OBJC_ROOT_CLASS = YES_ERROR;
				CLANG_WARN_QUOTED_INCLUDE_IN_FRAMEWORK_HEADER = YES;
				CLANG_WARN_RANGE_LOOP_ANALYSIS = YES;
				CLANG_WARN_STRICT_PROTOTYPES = YES;
				CLANG_WARN_SUSPICIOUS_MOVE = YES;
				CLANG_WARN_UNGUARDED_AVAILABILITY = YES_AGGRESSIVE;
				CLANG_WARN_UNREACHABLE_CODE = YES;
				CLANG_WARN__DUPLICATE_METHOD_MATCH = YES;
				COPY_PHASE_STRIP = NO;
				DEBUG_INFORMATION_FORMAT = "dwarf-with-dsym";
				ENABLE_NS_ASSERTIONS = NO;
				ENABLE_STRICT_OBJC_MSGSEND = YES;
				GCC_C_LANGUAGE_STANDARD = gnu11;
				GCC_NO_COMMON_BLOCKS = YES;
				GCC_WARN_64_TO_32_BIT_CONVERSION = YES;
				GCC_WARN_ABOUT_RETURN_TYPE = YES_ERROR;
				GCC_WARN_UNDECLARED_SELECTOR = YES;
				GCC_WARN_UNINITIALIZED_AUTOS = YES_AGGRESSIVE;
				GCC_WARN_UNUSED_FUNCTION = YES;
				GCC_WARN_UNUSED_VARIABLE = YES;
				IPHONEOS_DEPLOYMENT_TARGET = 14.2;
				MTL_ENABLE_DEBUG_INFO = NO;
				MTL_FAST_MATH = YES;
				SDKROOT = iphoneos;
				SWIFT_COMPILATION_MODE = wholemodule;
				SWIFT_OPTIMIZATION_LEVEL = "-O";
				VALIDATE_PRODUCT = YES;
			};
			name = Release;
		};
		9A7D6F4C2584A34B0037DFE1 /* Debug */ = {
			isa = XCBuildConfiguration;
			buildSettings = {
				ASSETCATALOG_COMPILER_APPICON_NAME = AppIcon;
				ASSETCATALOG_COMPILER_GLOBAL_ACCENT_COLOR_NAME = AccentColor;
				CODE_SIGN_STYLE = Automatic;
				INFOPLIST_FILE = collection_view/Info.plist;
				LD_RUNPATH_SEARCH_PATHS = (
					"$(inherited)",
					"@executable_path/Frameworks",
				);
				PRODUCT_BUNDLE_IDENTIFIER = "com.yologger.collection-view";
				PRODUCT_NAME = "$(TARGET_NAME)";
				SWIFT_VERSION = 5.0;
				TARGETED_DEVICE_FAMILY = "1,2";
			};
			name = Debug;
		};
		9A7D6F4D2584A34B0037DFE1 /* Release */ = {
			isa = XCBuildConfiguration;
			buildSettings = {
				ASSETCATALOG_COMPILER_APPICON_NAME = AppIcon;
				ASSETCATALOG_COMPILER_GLOBAL_ACCENT_COLOR_NAME = AccentColor;
				CODE_SIGN_STYLE = Automatic;
				INFOPLIST_FILE = collection_view/Info.plist;
				LD_RUNPATH_SEARCH_PATHS = (
					"$(inherited)",
					"@executable_path/Frameworks",
				);
				PRODUCT_BUNDLE_IDENTIFIER = "com.yologger.collection-view";
				PRODUCT_NAME = "$(TARGET_NAME)";
				SWIFT_VERSION = 5.0;
				TARGETED_DEVICE_FAMILY = "1,2";
			};
			name = Release;
		};
		9A7D6F4F2584A34B0037DFE1 /* Debug */ = {
			isa = XCBuildConfiguration;
			buildSettings = {
				ALWAYS_EMBED_SWIFT_STANDARD_LIBRARIES = YES;
				BUNDLE_LOADER = "$(TEST_HOST)";
				CODE_SIGN_STYLE = Automatic;
				INFOPLIST_FILE = collection_viewTests/Info.plist;
				IPHONEOS_DEPLOYMENT_TARGET = 14.2;
				LD_RUNPATH_SEARCH_PATHS = (
					"$(inherited)",
					"@executable_path/Frameworks",
					"@loader_path/Frameworks",
				);
				PRODUCT_BUNDLE_IDENTIFIER = "com.yologger.collection-viewTests";
				PRODUCT_NAME = "$(TARGET_NAME)";
				SWIFT_VERSION = 5.0;
				TARGETED_DEVICE_FAMILY = "1,2";
				TEST_HOST = "$(BUILT_PRODUCTS_DIR)/collection_view.app/collection_view";
			};
			name = Debug;
		};
		9A7D6F502584A34B0037DFE1 /* Release */ = {
			isa = XCBuildConfiguration;
			buildSettings = {
				ALWAYS_EMBED_SWIFT_STANDARD_LIBRARIES = YES;
				BUNDLE_LOADER = "$(TEST_HOST)";
				CODE_SIGN_STYLE = Automatic;
				INFOPLIST_FILE = collection_viewTests/Info.plist;
				IPHONEOS_DEPLOYMENT_TARGET = 14.2;
				LD_RUNPATH_SEARCH_PATHS = (
					"$(inherited)",
					"@executable_path/Frameworks",
					"@loader_path/Frameworks",
				);
				PRODUCT_BUNDLE_IDENTIFIER = "com.yologger.collection-viewTests";
				PRODUCT_NAME = "$(TARGET_NAME)";
				SWIFT_VERSION = 5.0;
				TARGETED_DEVICE_FAMILY = "1,2";
				TEST_HOST = "$(BUILT_PRODUCTS_DIR)/collection_view.app/collection_view";
			};
			name = Release;
		};
		9A7D6F522584A34B0037DFE1 /* Debug */ = {
			isa = XCBuildConfiguration;
			buildSettings = {
				ALWAYS_EMBED_SWIFT_STANDARD_LIBRARIES = YES;
				CODE_SIGN_STYLE = Automatic;
				INFOPLIST_FILE = collection_viewUITests/Info.plist;
				LD_RUNPATH_SEARCH_PATHS = (
					"$(inherited)",
					"@executable_path/Frameworks",
					"@loader_path/Frameworks",
				);
				PRODUCT_BUNDLE_IDENTIFIER = "com.yologger.collection-viewUITests";
				PRODUCT_NAME = "$(TARGET_NAME)";
				SWIFT_VERSION = 5.0;
				TARGETED_DEVICE_FAMILY = "1,2";
				TEST_TARGET_NAME = collection_view;
			};
			name = Debug;
		};
		9A7D6F532584A34B0037DFE1 /* Release */ = {
			isa = XCBuildConfiguration;
			buildSettings = {
				ALWAYS_EMBED_SWIFT_STANDARD_LIBRARIES = YES;
				CODE_SIGN_STYLE = Automatic;
				INFOPLIST_FILE = collection_viewUITests/Info.plist;
				LD_RUNPATH_SEARCH_PATHS = (
					"$(inherited)",
					"@executable_path/Frameworks",
					"@loader_path/Frameworks",
				);
				PRODUCT_BUNDLE_IDENTIFIER = "com.yologger.collection-viewUITests";
				PRODUCT_NAME = "$(TARGET_NAME)";
				SWIFT_VERSION = 5.0;
				TARGETED_DEVICE_FAMILY = "1,2";
				TEST_TARGET_NAME = collection_view;
			};
			name = Release;
		};
/* End XCBuildConfiguration section */

/* Begin XCConfigurationList section */
		9A7D6F1C2584A3490037DFE1 /* Build configuration list for PBXProject "collection_view" */ = {
			isa = XCConfigurationList;
			buildConfigurations = (
				9A7D6F492584A34B0037DFE1 /* Debug */,
				9A7D6F4A2584A34B0037DFE1 /* Release */,
			);
			defaultConfigurationIsVisible = 0;
			defaultConfigurationName = Release;
		};
		9A7D6F4B2584A34B0037DFE1 /* Build configuration list for PBXNativeTarget "collection_view" */ = {
			isa = XCConfigurationList;
			buildConfigurations = (
				9A7D6F4C2584A34B0037DFE1 /* Debug */,
				9A7D6F4D2584A34B0037DFE1 /* Release */,
			);
			defaultConfigurationIsVisible = 0;
			defaultConfigurationName = Release;
		};
		9A7D6F4E2584A34B0037DFE1 /* Build configuration list for PBXNativeTarget "collection_viewTests" */ = {
			isa = XCConfigurationList;
			buildConfigurations = (
				9A7D6F4F2584A34B0037DFE1 /* Debug */,
				9A7D6F502584A34B0037DFE1 /* Release */,
			);
			defaultConfigurationIsVisible = 0;
			defaultConfigurationName = Release;
		};
		9A7D6F512584A34B0037DFE1 /* Build configuration list for PBXNativeTarget "collection_viewUITests" */ = {
			isa = XCConfigurationList;
			buildConfigurations = (
				9A7D6F522584A34B0037DFE1 /* Debug */,
				9A7D6F532584A34B0037DFE1 /* Release */,
			);
			defaultConfigurationIsVisible = 0;
			defaultConfigurationName = Release;
		};
/* End XCConfigurationList section */
	};
	rootObject = 9A7D6F192584A3490037DFE1 /* Project object */;
}
