// !$*UTF8*$!
{
	archiveVersion = 1;
	classes = {
	};
	objectVersion = 50;
	objects = {

/* Begin PBXBuildFile section */
		9AE2076224F12F6B00B70F12 /* AppDelegate.swift in Sources */ = {isa = PBXBuildFile; fileRef = 9AE2076124F12F6B00B70F12 /* AppDelegate.swift */; };
		9AE2076424F12F6B00B70F12 /* SceneDelegate.swift in Sources */ = {isa = PBXBuildFile; fileRef = 9AE2076324F12F6B00B70F12 /* SceneDelegate.swift */; };
		9AE2076624F12F6B00B70F12 /* MainViewController.swift in Sources */ = {isa = PBXBuildFile; fileRef = 9AE2076524F12F6B00B70F12 /* MainViewController.swift */; };
		9AE2076924F12F6B00B70F12 /* Main.storyboard in Resources */ = {isa = PBXBuildFile; fileRef = 9AE2076724F12F6B00B70F12 /* Main.storyboard */; };
		9AE2076B24F12F6C00B70F12 /* Assets.xcassets in Resources */ = {isa = PBXBuildFile; fileRef = 9AE2076A24F12F6C00B70F12 /* Assets.xcassets */; };
		9AE2076E24F12F6C00B70F12 /* LaunchScreen.storyboard in Resources */ = {isa = PBXBuildFile; fileRef = 9AE2076C24F12F6C00B70F12 /* LaunchScreen.storyboard */; };
		9AE2077924F12F6C00B70F12 /* popupTests.swift in Sources */ = {isa = PBXBuildFile; fileRef = 9AE2077824F12F6C00B70F12 /* popupTests.swift */; };
		9AE2078424F12F6C00B70F12 /* popupUITests.swift in Sources */ = {isa = PBXBuildFile; fileRef = 9AE2078324F12F6C00B70F12 /* popupUITests.swift */; };
		9AE2079324F1301D00B70F12 /* header_background.png in Resources */ = {isa = PBXBuildFile; fileRef = 9AE2079124F1301D00B70F12 /* header_background.png */; };
		9AE2079424F1301D00B70F12 /* balloon.png in Resources */ = {isa = PBXBuildFile; fileRef = 9AE2079224F1301D00B70F12 /* balloon.png */; };
		9AE2079624F1308100B70F12 /* PopupViewController.storyboard in Resources */ = {isa = PBXBuildFile; fileRef = 9AE2079524F1308100B70F12 /* PopupViewController.storyboard */; };
		9AE2079824F1309300B70F12 /* PopupViewController.swift in Sources */ = {isa = PBXBuildFile; fileRef = 9AE2079724F1309300B70F12 /* PopupViewController.swift */; };
		9AE2079A24F135A100B70F12 /* fab.png in Resources */ = {isa = PBXBuildFile; fileRef = 9AE2079924F135A100B70F12 /* fab.png */; };
/* End PBXBuildFile section */

/* Begin PBXContainerItemProxy section */
		9AE2077524F12F6C00B70F12 /* PBXContainerItemProxy */ = {
			isa = PBXContainerItemProxy;
			containerPortal = 9AE2075624F12F6B00B70F12 /* Project object */;
			proxyType = 1;
			remoteGlobalIDString = 9AE2075D24F12F6B00B70F12;
			remoteInfo = popup;
		};
		9AE2078024F12F6C00B70F12 /* PBXContainerItemProxy */ = {
			isa = PBXContainerItemProxy;
			containerPortal = 9AE2075624F12F6B00B70F12 /* Project object */;
			proxyType = 1;
			remoteGlobalIDString = 9AE2075D24F12F6B00B70F12;
			remoteInfo = popup;
		};
/* End PBXContainerItemProxy section */

/* Begin PBXFileReference section */
		9AE2075E24F12F6B00B70F12 /* popup.app */ = {isa = PBXFileReference; explicitFileType = wrapper.application; includeInIndex = 0; path = popup.app; sourceTree = BUILT_PRODUCTS_DIR; };
		9AE2076124F12F6B00B70F12 /* AppDelegate.swift */ = {isa = PBXFileReference; lastKnownFileType = sourcecode.swift; path = AppDelegate.swift; sourceTree = "<group>"; };
		9AE2076324F12F6B00B70F12 /* SceneDelegate.swift */ = {isa = PBXFileReference; lastKnownFileType = sourcecode.swift; path = SceneDelegate.swift; sourceTree = "<group>"; };
		9AE2076524F12F6B00B70F12 /* MainViewController.swift */ = {isa = PBXFileReference; lastKnownFileType = sourcecode.swift; path = MainViewController.swift; sourceTree = "<group>"; };
		9AE2076824F12F6B00B70F12 /* Base */ = {isa = PBXFileReference; lastKnownFileType = file.storyboard; name = Base; path = Base.lproj/Main.storyboard; sourceTree = "<group>"; };
		9AE2076A24F12F6C00B70F12 /* Assets.xcassets */ = {isa = PBXFileReference; lastKnownFileType = folder.assetcatalog; path = Assets.xcassets; sourceTree = "<group>"; };
		9AE2076D24F12F6C00B70F12 /* Base */ = {isa = PBXFileReference; lastKnownFileType = file.storyboard; name = Base; path = Base.lproj/LaunchScreen.storyboard; sourceTree = "<group>"; };
		9AE2076F24F12F6C00B70F12 /* Info.plist */ = {isa = PBXFileReference; lastKnownFileType = text.plist.xml; path = Info.plist; sourceTree = "<group>"; };
		9AE2077424F12F6C00B70F12 /* popupTests.xctest */ = {isa = PBXFileReference; explicitFileType = wrapper.cfbundle; includeInIndex = 0; path = popupTests.xctest; sourceTree = BUILT_PRODUCTS_DIR; };
		9AE2077824F12F6C00B70F12 /* popupTests.swift */ = {isa = PBXFileReference; lastKnownFileType = sourcecode.swift; path = popupTests.swift; sourceTree = "<group>"; };
		9AE2077A24F12F6C00B70F12 /* Info.plist */ = {isa = PBXFileReference; lastKnownFileType = text.plist.xml; path = Info.plist; sourceTree = "<group>"; };
		9AE2077F24F12F6C00B70F12 /* popupUITests.xctest */ = {isa = PBXFileReference; explicitFileType = wrapper.cfbundle; includeInIndex = 0; path = popupUITests.xctest; sourceTree = BUILT_PRODUCTS_DIR; };
		9AE2078324F12F6C00B70F12 /* popupUITests.swift */ = {isa = PBXFileReference; lastKnownFileType = sourcecode.swift; path = popupUITests.swift; sourceTree = "<group>"; };
		9AE2078524F12F6C00B70F12 /* Info.plist */ = {isa = PBXFileReference; lastKnownFileType = text.plist.xml; path = Info.plist; sourceTree = "<group>"; };
		9AE2079124F1301D00B70F12 /* header_background.png */ = {isa = PBXFileReference; lastKnownFileType = image.png; path = header_background.png; sourceTree = "<group>"; };
		9AE2079224F1301D00B70F12 /* balloon.png */ = {isa = PBXFileReference; lastKnownFileType = image.png; path = balloon.png; sourceTree = "<group>"; };
		9AE2079524F1308100B70F12 /* PopupViewController.storyboard */ = {isa = PBXFileReference; lastKnownFileType = file.storyboard; path = PopupViewController.storyboard; sourceTree = "<group>"; };
		9AE2079724F1309300B70F12 /* PopupViewController.swift */ = {isa = PBXFileReference; lastKnownFileType = sourcecode.swift; path = PopupViewController.swift; sourceTree = "<group>"; };
		9AE2079924F135A100B70F12 /* fab.png */ = {isa = PBXFileReference; lastKnownFileType = image.png; path = fab.png; sourceTree = "<group>"; };
/* End PBXFileReference section */

/* Begin PBXFrameworksBuildPhase section */
		9AE2075B24F12F6B00B70F12 /* Frameworks */ = {
			isa = PBXFrameworksBuildPhase;
			buildActionMask = 2147483647;
			files = (
			);
			runOnlyForDeploymentPostprocessing = 0;
		};
		9AE2077124F12F6C00B70F12 /* Frameworks */ = {
			isa = PBXFrameworksBuildPhase;
			buildActionMask = 2147483647;
			files = (
			);
			runOnlyForDeploymentPostprocessing = 0;
		};
		9AE2077C24F12F6C00B70F12 /* Frameworks */ = {
			isa = PBXFrameworksBuildPhase;
			buildActionMask = 2147483647;
			files = (
			);
			runOnlyForDeploymentPostprocessing = 0;
		};
/* End PBXFrameworksBuildPhase section */

/* Begin PBXGroup section */
		9AE2075524F12F6B00B70F12 = {
			isa = PBXGroup;
			children = (
				9AE2076024F12F6B00B70F12 /* popup */,
				9AE2077724F12F6C00B70F12 /* popupTests */,
				9AE2078224F12F6C00B70F12 /* popupUITests */,
				9AE2075F24F12F6B00B70F12 /* Products */,
			);
			sourceTree = "<group>";
		};
		9AE2075F24F12F6B00B70F12 /* Products */ = {
			isa = PBXGroup;
			children = (
				9AE2075E24F12F6B00B70F12 /* popup.app */,
				9AE2077424F12F6C00B70F12 /* popupTests.xctest */,
				9AE2077F24F12F6C00B70F12 /* popupUITests.xctest */,
			);
			name = Products;
			sourceTree = "<group>";
		};
		9AE2076024F12F6B00B70F12 /* popup */ = {
			isa = PBXGroup;
			children = (
				9AE2076124F12F6B00B70F12 /* AppDelegate.swift */,
				9AE2076324F12F6B00B70F12 /* SceneDelegate.swift */,
				9AE2076724F12F6B00B70F12 /* Main.storyboard */,
				9AE2076524F12F6B00B70F12 /* MainViewController.swift */,
				9AE2079524F1308100B70F12 /* PopupViewController.storyboard */,
				9AE2079724F1309300B70F12 /* PopupViewController.swift */,
				9AE2076A24F12F6C00B70F12 /* Assets.xcassets */,
				9AE2076C24F12F6C00B70F12 /* LaunchScreen.storyboard */,
				9AE2079924F135A100B70F12 /* fab.png */,
				9AE2076F24F12F6C00B70F12 /* Info.plist */,
				9AE2079224F1301D00B70F12 /* balloon.png */,
				9AE2079124F1301D00B70F12 /* header_background.png */,
			);
			path = popup;
			sourceTree = "<group>";
		};
		9AE2077724F12F6C00B70F12 /* popupTests */ = {
			isa = PBXGroup;
			children = (
				9AE2077824F12F6C00B70F12 /* popupTests.swift */,
				9AE2077A24F12F6C00B70F12 /* Info.plist */,
			);
			path = popupTests;
			sourceTree = "<group>";
		};
		9AE2078224F12F6C00B70F12 /* popupUITests */ = {
			isa = PBXGroup;
			children = (
				9AE2078324F12F6C00B70F12 /* popupUITests.swift */,
				9AE2078524F12F6C00B70F12 /* Info.plist */,
			);
			path = popupUITests;
			sourceTree = "<group>";
		};
/* End PBXGroup section */

/* Begin PBXNativeTarget section */
		9AE2075D24F12F6B00B70F12 /* popup */ = {
			isa = PBXNativeTarget;
			buildConfigurationList = 9AE2078824F12F6C00B70F12 /* Build configuration list for PBXNativeTarget "popup" */;
			buildPhases = (
				9AE2075A24F12F6B00B70F12 /* Sources */,
				9AE2075B24F12F6B00B70F12 /* Frameworks */,
				9AE2075C24F12F6B00B70F12 /* Resources */,
			);
			buildRules = (
			);
			dependencies = (
			);
			name = popup;
			productName = popup;
			productReference = 9AE2075E24F12F6B00B70F12 /* popup.app */;
			productType = "com.apple.product-type.application";
		};
		9AE2077324F12F6C00B70F12 /* popupTests */ = {
			isa = PBXNativeTarget;
			buildConfigurationList = 9AE2078B24F12F6C00B70F12 /* Build configuration list for PBXNativeTarget "popupTests" */;
			buildPhases = (
				9AE2077024F12F6C00B70F12 /* Sources */,
				9AE2077124F12F6C00B70F12 /* Frameworks */,
				9AE2077224F12F6C00B70F12 /* Resources */,
			);
			buildRules = (
			);
			dependencies = (
				9AE2077624F12F6C00B70F12 /* PBXTargetDependency */,
			);
			name = popupTests;
			productName = popupTests;
			productReference = 9AE2077424F12F6C00B70F12 /* popupTests.xctest */;
			productType = "com.apple.product-type.bundle.unit-test";
		};
		9AE2077E24F12F6C00B70F12 /* popupUITests */ = {
			isa = PBXNativeTarget;
			buildConfigurationList = 9AE2078E24F12F6C00B70F12 /* Build configuration list for PBXNativeTarget "popupUITests" */;
			buildPhases = (
				9AE2077B24F12F6C00B70F12 /* Sources */,
				9AE2077C24F12F6C00B70F12 /* Frameworks */,
				9AE2077D24F12F6C00B70F12 /* Resources */,
			);
			buildRules = (
			);
			dependencies = (
				9AE2078124F12F6C00B70F12 /* PBXTargetDependency */,
			);
			name = popupUITests;
			productName = popupUITests;
			productReference = 9AE2077F24F12F6C00B70F12 /* popupUITests.xctest */;
			productType = "com.apple.product-type.bundle.ui-testing";
		};
/* End PBXNativeTarget section */

/* Begin PBXProject section */
		9AE2075624F12F6B00B70F12 /* Project object */ = {
			isa = PBXProject;
			attributes = {
				LastSwiftUpdateCheck = 1130;
				LastUpgradeCheck = 1130;
				ORGANIZATIONNAME = yologger;
				TargetAttributes = {
					9AE2075D24F12F6B00B70F12 = {
						CreatedOnToolsVersion = 11.3;
					};
					9AE2077324F12F6C00B70F12 = {
						CreatedOnToolsVersion = 11.3;
						TestTargetID = 9AE2075D24F12F6B00B70F12;
					};
					9AE2077E24F12F6C00B70F12 = {
						CreatedOnToolsVersion = 11.3;
						TestTargetID = 9AE2075D24F12F6B00B70F12;
					};
				};
			};
			buildConfigurationList = 9AE2075924F12F6B00B70F12 /* Build configuration list for PBXProject "popup" */;
			compatibilityVersion = "Xcode 9.3";
			developmentRegion = en;
			hasScannedForEncodings = 0;
			knownRegions = (
				en,
				Base,
			);
			mainGroup = 9AE2075524F12F6B00B70F12;
			productRefGroup = 9AE2075F24F12F6B00B70F12 /* Products */;
			projectDirPath = "";
			projectRoot = "";
			targets = (
				9AE2075D24F12F6B00B70F12 /* popup */,
				9AE2077324F12F6C00B70F12 /* popupTests */,
				9AE2077E24F12F6C00B70F12 /* popupUITests */,
			);
		};
/* End PBXProject section */

/* Begin PBXResourcesBuildPhase section */
		9AE2075C24F12F6B00B70F12 /* Resources */ = {
			isa = PBXResourcesBuildPhase;
			buildActionMask = 2147483647;
			files = (
				9AE2079624F1308100B70F12 /* PopupViewController.storyboard in Resources */,
				9AE2079324F1301D00B70F12 /* header_background.png in Resources */,
				9AE2079424F1301D00B70F12 /* balloon.png in Resources */,
				9AE2076E24F12F6C00B70F12 /* LaunchScreen.storyboard in Resources */,
				9AE2079A24F135A100B70F12 /* fab.png in Resources */,
				9AE2076B24F12F6C00B70F12 /* Assets.xcassets in Resources */,
				9AE2076924F12F6B00B70F12 /* Main.storyboard in Resources */,
			);
			runOnlyForDeploymentPostprocessing = 0;
		};
		9AE2077224F12F6C00B70F12 /* Resources */ = {
			isa = PBXResourcesBuildPhase;
			buildActionMask = 2147483647;
			files = (
			);
			runOnlyForDeploymentPostprocessing = 0;
		};
		9AE2077D24F12F6C00B70F12 /* Resources */ = {
			isa = PBXResourcesBuildPhase;
			buildActionMask = 2147483647;
			files = (
			);
			runOnlyForDeploymentPostprocessing = 0;
		};
/* End PBXResourcesBuildPhase section */

/* Begin PBXSourcesBuildPhase section */
		9AE2075A24F12F6B00B70F12 /* Sources */ = {
			isa = PBXSourcesBuildPhase;
			buildActionMask = 2147483647;
			files = (
				9AE2076624F12F6B00B70F12 /* MainViewController.swift in Sources */,
				9AE2076224F12F6B00B70F12 /* AppDelegate.swift in Sources */,
				9AE2076424F12F6B00B70F12 /* SceneDelegate.swift in Sources */,
				9AE2079824F1309300B70F12 /* PopupViewController.swift in Sources */,
			);
			runOnlyForDeploymentPostprocessing = 0;
		};
		9AE2077024F12F6C00B70F12 /* Sources */ = {
			isa = PBXSourcesBuildPhase;
			buildActionMask = 2147483647;
			files = (
				9AE2077924F12F6C00B70F12 /* popupTests.swift in Sources */,
			);
			runOnlyForDeploymentPostprocessing = 0;
		};
		9AE2077B24F12F6C00B70F12 /* Sources */ = {
			isa = PBXSourcesBuildPhase;
			buildActionMask = 2147483647;
			files = (
				9AE2078424F12F6C00B70F12 /* popupUITests.swift in Sources */,
			);
			runOnlyForDeploymentPostprocessing = 0;
		};
/* End PBXSourcesBuildPhase section */

/* Begin PBXTargetDependency section */
		9AE2077624F12F6C00B70F12 /* PBXTargetDependency */ = {
			isa = PBXTargetDependency;
			target = 9AE2075D24F12F6B00B70F12 /* popup */;
			targetProxy = 9AE2077524F12F6C00B70F12 /* PBXContainerItemProxy */;
		};
		9AE2078124F12F6C00B70F12 /* PBXTargetDependency */ = {
			isa = PBXTargetDependency;
			target = 9AE2075D24F12F6B00B70F12 /* popup */;
			targetProxy = 9AE2078024F12F6C00B70F12 /* PBXContainerItemProxy */;
		};
/* End PBXTargetDependency section */

/* Begin PBXVariantGroup section */
		9AE2076724F12F6B00B70F12 /* Main.storyboard */ = {
			isa = PBXVariantGroup;
			children = (
				9AE2076824F12F6B00B70F12 /* Base */,
			);
			name = Main.storyboard;
			sourceTree = "<group>";
		};
		9AE2076C24F12F6C00B70F12 /* LaunchScreen.storyboard */ = {
			isa = PBXVariantGroup;
			children = (
				9AE2076D24F12F6C00B70F12 /* Base */,
			);
			name = LaunchScreen.storyboard;
			sourceTree = "<group>";
		};
/* End PBXVariantGroup section */

/* Begin XCBuildConfiguration section */
		9AE2078624F12F6C00B70F12 /* Debug */ = {
			isa = XCBuildConfiguration;
			buildSettings = {
				ALWAYS_SEARCH_USER_PATHS = NO;
				CLANG_ANALYZER_NONNULL = YES;
				CLANG_ANALYZER_NUMBER_OBJECT_CONVERSION = YES_AGGRESSIVE;
				CLANG_CXX_LANGUAGE_STANDARD = "gnu++14";
				CLANG_CXX_LIBRARY = "libc++";
				CLANG_ENABLE_MODULES = YES;
				CLANG_ENABLE_OBJC_ARC = YES;
				CLANG_ENABLE_OBJC_WEAK = YES;
				CLANG_WARN_BLOCK_CAPTURE_AUTORELEASING = YES;
				CLANG_WARN_BOOL_CONVERSION = YES;
				CLANG_WARN_COMMA = YES;
				CLANG_WARN_CONSTANT_CONVERSION = YES;
				CLANG_WARN_DEPRECATED_OBJC_IMPLEMENTATIONS = YES;
				CLANG_WARN_DIRECT_OBJC_ISA_USAGE = YES_ERROR;
				CLANG_WARN_DOCUMENTATION_COMMENTS = YES;
				CLANG_WARN_EMPTY_BODY = YES;
				CLANG_WARN_ENUM_CONVERSION = YES;
				CLANG_WARN_INFINITE_RECURSION = YES;
				CLANG_WARN_INT_CONVERSION = YES;
				CLANG_WARN_NON_LITERAL_NULL_CONVERSION = YES;
				CLANG_WARN_OBJC_IMPLICIT_RETAIN_SELF = YES;
				CLANG_WARN_OBJC_LITERAL_CONVERSION = YES;
				CLANG_WARN_OBJC_ROOT_CLASS = YES_ERROR;
				CLANG_WARN_RANGE_LOOP_ANALYSIS = YES;
				CLANG_WARN_STRICT_PROTOTYPES = YES;
				CLANG_WARN_SUSPICIOUS_MOVE = YES;
				CLANG_WARN_UNGUARDED_AVAILABILITY = YES_AGGRESSIVE;
				CLANG_WARN_UNREACHABLE_CODE = YES;
				CLANG_WARN__DUPLICATE_METHOD_MATCH = YES;
				COPY_PHASE_STRIP = NO;
				DEBUG_INFORMATION_FORMAT = dwarf;
				ENABLE_STRICT_OBJC_MSGSEND = YES;
				ENABLE_TESTABILITY = YES;
				GCC_C_LANGUAGE_STANDARD = gnu11;
				GCC_DYNAMIC_NO_PIC = NO;
				GCC_NO_COMMON_BLOCKS = YES;
				GCC_OPTIMIZATION_LEVEL = 0;
				GCC_PREPROCESSOR_DEFINITIONS = (
					"DEBUG=1",
					"$(inherited)",
				);
				GCC_WARN_64_TO_32_BIT_CONVERSION = YES;
				GCC_WARN_ABOUT_RETURN_TYPE = YES_ERROR;
				GCC_WARN_UNDECLARED_SELECTOR = YES;
				GCC_WARN_UNINITIALIZED_AUTOS = YES_AGGRESSIVE;
				GCC_WARN_UNUSED_FUNCTION = YES;
				GCC_WARN_UNUSED_VARIABLE = YES;
				IPHONEOS_DEPLOYMENT_TARGET = 13.2;
				MTL_ENABLE_DEBUG_INFO = INCLUDE_SOURCE;
				MTL_FAST_MATH = YES;
				ONLY_ACTIVE_ARCH = YES;
				SDKROOT = iphoneos;
				SWIFT_ACTIVE_COMPILATION_CONDITIONS = DEBUG;
				SWIFT_OPTIMIZATION_LEVEL = "-Onone";
			};
			name = Debug;
		};
		9AE2078724F12F6C00B70F12 /* Release */ = {
			isa = XCBuildConfiguration;
			buildSettings = {
				ALWAYS_SEARCH_USER_PATHS = NO;
				CLANG_ANALYZER_NONNULL = YES;
				CLANG_ANALYZER_NUMBER_OBJECT_CONVERSION = YES_AGGRESSIVE;
				CLANG_CXX_LANGUAGE_STANDARD = "gnu++14";
				CLANG_CXX_LIBRARY = "libc++";
				CLANG_ENABLE_MODULES = YES;
				CLANG_ENABLE_OBJC_ARC = YES;
				CLANG_ENABLE_OBJC_WEAK = YES;
				CLANG_WARN_BLOCK_CAPTURE_AUTORELEASING = YES;
				CLANG_WARN_BOOL_CONVERSION = YES;
				CLANG_WARN_COMMA = YES;
				CLANG_WARN_CONSTANT_CONVERSION = YES;
				CLANG_WARN_DEPRECATED_OBJC_IMPLEMENTATIONS = YES;
				CLANG_WARN_DIRECT_OBJC_ISA_USAGE = YES_ERROR;
				CLANG_WARN_DOCUMENTATION_COMMENTS = YES;
				CLANG_WARN_EMPTY_BODY = YES;
				CLANG_WARN_ENUM_CONVERSION = YES;
				CLANG_WARN_INFINITE_RECURSION = YES;
				CLANG_WARN_INT_CONVERSION = YES;
				CLANG_WARN_NON_LITERAL_NULL_CONVERSION = YES;
				CLANG_WARN_OBJC_IMPLICIT_RETAIN_SELF = YES;
				CLANG_WARN_OBJC_LITERAL_CONVERSION = YES;
				CLANG_WARN_OBJC_ROOT_CLASS = YES_ERROR;
				CLANG_WARN_RANGE_LOOP_ANALYSIS = YES;
				CLANG_WARN_STRICT_PROTOTYPES = YES;
				CLANG_WARN_SUSPICIOUS_MOVE = YES;
				CLANG_WARN_UNGUARDED_AVAILABILITY = YES_AGGRESSIVE;
				CLANG_WARN_UNREACHABLE_CODE = YES;
				CLANG_WARN__DUPLICATE_METHOD_MATCH = YES;
				COPY_PHASE_STRIP = NO;
				DEBUG_INFORMATION_FORMAT = "dwarf-with-dsym";
				ENABLE_NS_ASSERTIONS = NO;
				ENABLE_STRICT_OBJC_MSGSEND = YES;
				GCC_C_LANGUAGE_STANDARD = gnu11;
				GCC_NO_COMMON_BLOCKS = YES;
				GCC_WARN_64_TO_32_BIT_CONVERSION = YES;
				GCC_WARN_ABOUT_RETURN_TYPE = YES_ERROR;
				GCC_WARN_UNDECLARED_SELECTOR = YES;
				GCC_WARN_UNINITIALIZED_AUTOS = YES_AGGRESSIVE;
				GCC_WARN_UNUSED_FUNCTION = YES;
				GCC_WARN_UNUSED_VARIABLE = YES;
				IPHONEOS_DEPLOYMENT_TARGET = 13.2;
				MTL_ENABLE_DEBUG_INFO = NO;
				MTL_FAST_MATH = YES;
				SDKROOT = iphoneos;
				SWIFT_COMPILATION_MODE = wholemodule;
				SWIFT_OPTIMIZATION_LEVEL = "-O";
				VALIDATE_PRODUCT = YES;
			};
			name = Release;
		};
		9AE2078924F12F6C00B70F12 /* Debug */ = {
			isa = XCBuildConfiguration;
			buildSettings = {
				ASSETCATALOG_COMPILER_APPICON_NAME = AppIcon;
				CODE_SIGN_STYLE = Automatic;
				INFOPLIST_FILE = popup/Info.plist;
				LD_RUNPATH_SEARCH_PATHS = (
					"$(inherited)",
					"@executable_path/Frameworks",
				);
				PRODUCT_BUNDLE_IDENTIFIER = com.yologger.popup;
				PRODUCT_NAME = "$(TARGET_NAME)";
				SWIFT_VERSION = 5.0;
				TARGETED_DEVICE_FAMILY = "1,2";
			};
			name = Debug;
		};
		9AE2078A24F12F6C00B70F12 /* Release */ = {
			isa = XCBuildConfiguration;
			buildSettings = {
				ASSETCATALOG_COMPILER_APPICON_NAME = AppIcon;
				CODE_SIGN_STYLE = Automatic;
				INFOPLIST_FILE = popup/Info.plist;
				LD_RUNPATH_SEARCH_PATHS = (
					"$(inherited)",
					"@executable_path/Frameworks",
				);
				PRODUCT_BUNDLE_IDENTIFIER = com.yologger.popup;
				PRODUCT_NAME = "$(TARGET_NAME)";
				SWIFT_VERSION = 5.0;
				TARGETED_DEVICE_FAMILY = "1,2";
			};
			name = Release;
		};
		9AE2078C24F12F6C00B70F12 /* Debug */ = {
			isa = XCBuildConfiguration;
			buildSettings = {
				ALWAYS_EMBED_SWIFT_STANDARD_LIBRARIES = YES;
				BUNDLE_LOADER = "$(TEST_HOST)";
				CODE_SIGN_STYLE = Automatic;
				INFOPLIST_FILE = popupTests/Info.plist;
				IPHONEOS_DEPLOYMENT_TARGET = 13.2;
				LD_RUNPATH_SEARCH_PATHS = (
					"$(inherited)",
					"@executable_path/Frameworks",
					"@loader_path/Frameworks",
				);
				PRODUCT_BUNDLE_IDENTIFIER = com.yologger.popupTests;
				PRODUCT_NAME = "$(TARGET_NAME)";
				SWIFT_VERSION = 5.0;
				TARGETED_DEVICE_FAMILY = "1,2";
				TEST_HOST = "$(BUILT_PRODUCTS_DIR)/popup.app/popup";
			};
			name = Debug;
		};
		9AE2078D24F12F6C00B70F12 /* Release */ = {
			isa = XCBuildConfiguration;
			buildSettings = {
				ALWAYS_EMBED_SWIFT_STANDARD_LIBRARIES = YES;
				BUNDLE_LOADER = "$(TEST_HOST)";
				CODE_SIGN_STYLE = Automatic;
				INFOPLIST_FILE = popupTests/Info.plist;
				IPHONEOS_DEPLOYMENT_TARGET = 13.2;
				LD_RUNPATH_SEARCH_PATHS = (
					"$(inherited)",
					"@executable_path/Frameworks",
					"@loader_path/Frameworks",
				);
				PRODUCT_BUNDLE_IDENTIFIER = com.yologger.popupTests;
				PRODUCT_NAME = "$(TARGET_NAME)";
				SWIFT_VERSION = 5.0;
				TARGETED_DEVICE_FAMILY = "1,2";
				TEST_HOST = "$(BUILT_PRODUCTS_DIR)/popup.app/popup";
			};
			name = Release;
		};
		9AE2078F24F12F6C00B70F12 /* Debug */ = {
			isa = XCBuildConfiguration;
			buildSettings = {
				ALWAYS_EMBED_SWIFT_STANDARD_LIBRARIES = YES;
				CODE_SIGN_STYLE = Automatic;
				INFOPLIST_FILE = popupUITests/Info.plist;
				LD_RUNPATH_SEARCH_PATHS = (
					"$(inherited)",
					"@executable_path/Frameworks",
					"@loader_path/Frameworks",
				);
				PRODUCT_BUNDLE_IDENTIFIER = com.yologger.popupUITests;
				PRODUCT_NAME = "$(TARGET_NAME)";
				SWIFT_VERSION = 5.0;
				TARGETED_DEVICE_FAMILY = "1,2";
				TEST_TARGET_NAME = popup;
			};
			name = Debug;
		};
		9AE2079024F12F6C00B70F12 /* Release */ = {
			isa = XCBuildConfiguration;
			buildSettings = {
				ALWAYS_EMBED_SWIFT_STANDARD_LIBRARIES = YES;
				CODE_SIGN_STYLE = Automatic;
				INFOPLIST_FILE = popupUITests/Info.plist;
				LD_RUNPATH_SEARCH_PATHS = (
					"$(inherited)",
					"@executable_path/Frameworks",
					"@loader_path/Frameworks",
				);
				PRODUCT_BUNDLE_IDENTIFIER = com.yologger.popupUITests;
				PRODUCT_NAME = "$(TARGET_NAME)";
				SWIFT_VERSION = 5.0;
				TARGETED_DEVICE_FAMILY = "1,2";
				TEST_TARGET_NAME = popup;
			};
			name = Release;
		};
/* End XCBuildConfiguration section */

/* Begin XCConfigurationList section */
		9AE2075924F12F6B00B70F12 /* Build configuration list for PBXProject "popup" */ = {
			isa = XCConfigurationList;
			buildConfigurations = (
				9AE2078624F12F6C00B70F12 /* Debug */,
				9AE2078724F12F6C00B70F12 /* Release */,
			);
			defaultConfigurationIsVisible = 0;
			defaultConfigurationName = Release;
		};
		9AE2078824F12F6C00B70F12 /* Build configuration list for PBXNativeTarget "popup" */ = {
			isa = XCConfigurationList;
			buildConfigurations = (
				9AE2078924F12F6C00B70F12 /* Debug */,
				9AE2078A24F12F6C00B70F12 /* Release */,
			);
			defaultConfigurationIsVisible = 0;
			defaultConfigurationName = Release;
		};
		9AE2078B24F12F6C00B70F12 /* Build configuration list for PBXNativeTarget "popupTests" */ = {
			isa = XCConfigurationList;
			buildConfigurations = (
				9AE2078C24F12F6C00B70F12 /* Debug */,
				9AE2078D24F12F6C00B70F12 /* Release */,
			);
			defaultConfigurationIsVisible = 0;
			defaultConfigurationName = Release;
		};
		9AE2078E24F12F6C00B70F12 /* Build configuration list for PBXNativeTarget "popupUITests" */ = {
			isa = XCConfigurationList;
			buildConfigurations = (
				9AE2078F24F12F6C00B70F12 /* Debug */,
				9AE2079024F12F6C00B70F12 /* Release */,
			);
			defaultConfigurationIsVisible = 0;
			defaultConfigurationName = Release;
		};
/* End XCConfigurationList section */
	};
	rootObject = 9AE2075624F12F6B00B70F12 /* Project object */;
}
