// !$*UTF8*$!
{
	archiveVersion = 1;
	classes = {
	};
	objectVersion = 50;
	objects = {

/* Begin PBXBuildFile section */
		9A00763D25809F6900D38B9B /* AppDelegate.swift in Sources */ = {isa = PBXBuildFile; fileRef = 9A00763C25809F6900D38B9B /* AppDelegate.swift */; };
		9A00763F25809F6900D38B9B /* SceneDelegate.swift in Sources */ = {isa = PBXBuildFile; fileRef = 9A00763E25809F6900D38B9B /* SceneDelegate.swift */; };
		9A00764125809F6900D38B9B /* ViewController.swift in Sources */ = {isa = PBXBuildFile; fileRef = 9A00764025809F6900D38B9B /* ViewController.swift */; };
		9A00764425809F6900D38B9B /* Main.storyboard in Resources */ = {isa = PBXBuildFile; fileRef = 9A00764225809F6900D38B9B /* Main.storyboard */; };
		9A00764625809F6A00D38B9B /* Assets.xcassets in Resources */ = {isa = PBXBuildFile; fileRef = 9A00764525809F6A00D38B9B /* Assets.xcassets */; };
		9A00764925809F6A00D38B9B /* LaunchScreen.storyboard in Resources */ = {isa = PBXBuildFile; fileRef = 9A00764725809F6A00D38B9B /* LaunchScreen.storyboard */; };
		9A00765425809F6B00D38B9B /* multiple_imagesTests.swift in Sources */ = {isa = PBXBuildFile; fileRef = 9A00765325809F6B00D38B9B /* multiple_imagesTests.swift */; };
		9A00765F25809F6B00D38B9B /* multiple_imagesUITests.swift in Sources */ = {isa = PBXBuildFile; fileRef = 9A00765E25809F6B00D38B9B /* multiple_imagesUITests.swift */; };
		9A0076A92580D86E00D38B9B /* TLPhotoPicker.framework in Frameworks */ = {isa = PBXBuildFile; fileRef = 9A0076722580AFBE00D38B9B /* TLPhotoPicker.framework */; };
		9A0076AB2580D86F00D38B9B /* ImageSlideshow.framework in Frameworks */ = {isa = PBXBuildFile; fileRef = 9A0076AA2580D86F00D38B9B /* ImageSlideshow.framework */; };
		9A7D6EF92583CF710037DFE1 /* ImageSliderViewController.swift in Sources */ = {isa = PBXBuildFile; fileRef = 9A7D6EF82583CF710037DFE1 /* ImageSliderViewController.swift */; };
		9A7D6F012583D77F0037DFE1 /* AlbumViewController.swift in Sources */ = {isa = PBXBuildFile; fileRef = 9A7D6F002583D77F0037DFE1 /* AlbumViewController.swift */; };
		9A7D6F062583DA6F0037DFE1 /* UploadViewController.swift in Sources */ = {isa = PBXBuildFile; fileRef = 9A7D6F052583DA6F0037DFE1 /* UploadViewController.swift */; };
		9A7D6F0D2583E13D0037DFE1 /* avatar3.png in Resources */ = {isa = PBXBuildFile; fileRef = 9A7D6F0A2583E13D0037DFE1 /* avatar3.png */; };
		9A7D6F0E2583E13D0037DFE1 /* avatar2.png in Resources */ = {isa = PBXBuildFile; fileRef = 9A7D6F0B2583E13D0037DFE1 /* avatar2.png */; };
		9A7D6F0F2583E13D0037DFE1 /* avatar1.png in Resources */ = {isa = PBXBuildFile; fileRef = 9A7D6F0C2583E13D0037DFE1 /* avatar1.png */; };
		9A7D6F142583E1FF0037DFE1 /* avatar2.jpg in Resources */ = {isa = PBXBuildFile; fileRef = 9A7D6F132583E1FF0037DFE1 /* avatar2.jpg */; };
		9ABDB59C2580FC8C008D197D /* Alamofire.framework in Frameworks */ = {isa = PBXBuildFile; fileRef = 9ABDB59B2580FC8C008D197D /* Alamofire.framework */; };
/* End PBXBuildFile section */

/* Begin PBXContainerItemProxy section */
		9A00765025809F6B00D38B9B /* PBXContainerItemProxy */ = {
			isa = PBXContainerItemProxy;
			containerPortal = 9A00763125809F6900D38B9B /* Project object */;
			proxyType = 1;
			remoteGlobalIDString = 9A00763825809F6900D38B9B;
			remoteInfo = "multiple-images";
		};
		9A00765B25809F6B00D38B9B /* PBXContainerItemProxy */ = {
			isa = PBXContainerItemProxy;
			containerPortal = 9A00763125809F6900D38B9B /* Project object */;
			proxyType = 1;
			remoteGlobalIDString = 9A00763825809F6900D38B9B;
			remoteInfo = "multiple-images";
		};
/* End PBXContainerItemProxy section */

/* Begin PBXFileReference section */
		9A00763925809F6900D38B9B /* multiple-images.app */ = {isa = PBXFileReference; explicitFileType = wrapper.application; includeInIndex = 0; path = "multiple-images.app"; sourceTree = BUILT_PRODUCTS_DIR; };
		9A00763C25809F6900D38B9B /* AppDelegate.swift */ = {isa = PBXFileReference; lastKnownFileType = sourcecode.swift; path = AppDelegate.swift; sourceTree = "<group>"; };
		9A00763E25809F6900D38B9B /* SceneDelegate.swift */ = {isa = PBXFileReference; lastKnownFileType = sourcecode.swift; path = SceneDelegate.swift; sourceTree = "<group>"; };
		9A00764025809F6900D38B9B /* ViewController.swift */ = {isa = PBXFileReference; lastKnownFileType = sourcecode.swift; path = ViewController.swift; sourceTree = "<group>"; };
		9A00764325809F6900D38B9B /* Base */ = {isa = PBXFileReference; lastKnownFileType = file.storyboard; name = Base; path = Base.lproj/Main.storyboard; sourceTree = "<group>"; };
		9A00764525809F6A00D38B9B /* Assets.xcassets */ = {isa = PBXFileReference; lastKnownFileType = folder.assetcatalog; path = Assets.xcassets; sourceTree = "<group>"; };
		9A00764825809F6A00D38B9B /* Base */ = {isa = PBXFileReference; lastKnownFileType = file.storyboard; name = Base; path = Base.lproj/LaunchScreen.storyboard; sourceTree = "<group>"; };
		9A00764A25809F6A00D38B9B /* Info.plist */ = {isa = PBXFileReference; lastKnownFileType = text.plist.xml; path = Info.plist; sourceTree = "<group>"; };
		9A00764F25809F6B00D38B9B /* multiple-imagesTests.xctest */ = {isa = PBXFileReference; explicitFileType = wrapper.cfbundle; includeInIndex = 0; path = "multiple-imagesTests.xctest"; sourceTree = BUILT_PRODUCTS_DIR; };
		9A00765325809F6B00D38B9B /* multiple_imagesTests.swift */ = {isa = PBXFileReference; lastKnownFileType = sourcecode.swift; path = multiple_imagesTests.swift; sourceTree = "<group>"; };
		9A00765525809F6B00D38B9B /* Info.plist */ = {isa = PBXFileReference; lastKnownFileType = text.plist.xml; path = Info.plist; sourceTree = "<group>"; };
		9A00765A25809F6B00D38B9B /* multiple-imagesUITests.xctest */ = {isa = PBXFileReference; explicitFileType = wrapper.cfbundle; includeInIndex = 0; path = "multiple-imagesUITests.xctest"; sourceTree = BUILT_PRODUCTS_DIR; };
		9A00765E25809F6B00D38B9B /* multiple_imagesUITests.swift */ = {isa = PBXFileReference; lastKnownFileType = sourcecode.swift; path = multiple_imagesUITests.swift; sourceTree = "<group>"; };
		9A00766025809F6B00D38B9B /* Info.plist */ = {isa = PBXFileReference; lastKnownFileType = text.plist.xml; path = Info.plist; sourceTree = "<group>"; };
		9A0076702580AFBE00D38B9B /* Kingfisher.framework */ = {isa = PBXFileReference; lastKnownFileType = wrapper.framework; name = Kingfisher.framework; path = Carthage/Build/iOS/Kingfisher.framework; sourceTree = "<group>"; };
		9A0076712580AFBE00D38B9B /* KingfisherSwiftUI.framework */ = {isa = PBXFileReference; lastKnownFileType = wrapper.framework; name = KingfisherSwiftUI.framework; path = Carthage/Build/iOS/KingfisherSwiftUI.framework; sourceTree = "<group>"; };
		9A0076722580AFBE00D38B9B /* TLPhotoPicker.framework */ = {isa = PBXFileReference; lastKnownFileType = wrapper.framework; name = TLPhotoPicker.framework; path = Carthage/Build/iOS/TLPhotoPicker.framework; sourceTree = "<group>"; };
		9A0076732580AFBE00D38B9B /* PhotoSlider.framework */ = {isa = PBXFileReference; lastKnownFileType = wrapper.framework; name = PhotoSlider.framework; path = Carthage/Build/iOS/PhotoSlider.framework; sourceTree = "<group>"; };
		9A0076AA2580D86F00D38B9B /* ImageSlideshow.framework */ = {isa = PBXFileReference; lastKnownFileType = wrapper.framework; name = ImageSlideshow.framework; path = Carthage/Build/iOS/ImageSlideshow.framework; sourceTree = "<group>"; };
		9A7D6EF82583CF710037DFE1 /* ImageSliderViewController.swift */ = {isa = PBXFileReference; lastKnownFileType = sourcecode.swift; path = ImageSliderViewController.swift; sourceTree = "<group>"; };
		9A7D6F002583D77F0037DFE1 /* AlbumViewController.swift */ = {isa = PBXFileReference; lastKnownFileType = sourcecode.swift; path = AlbumViewController.swift; sourceTree = "<group>"; };
		9A7D6F052583DA6F0037DFE1 /* UploadViewController.swift */ = {isa = PBXFileReference; lastKnownFileType = sourcecode.swift; path = UploadViewController.swift; sourceTree = "<group>"; };
		9A7D6F0A2583E13D0037DFE1 /* avatar3.png */ = {isa = PBXFileReference; lastKnownFileType = image.png; path = avatar3.png; sourceTree = "<group>"; };
		9A7D6F0B2583E13D0037DFE1 /* avatar2.png */ = {isa = PBXFileReference; lastKnownFileType = image.png; path = avatar2.png; sourceTree = "<group>"; };
		9A7D6F0C2583E13D0037DFE1 /* avatar1.png */ = {isa = PBXFileReference; lastKnownFileType = image.png; path = avatar1.png; sourceTree = "<group>"; };
		9A7D6F132583E1FF0037DFE1 /* avatar2.jpg */ = {isa = PBXFileReference; lastKnownFileType = image.jpeg; path = avatar2.jpg; sourceTree = "<group>"; };
		9ABDB59B2580FC8C008D197D /* Alamofire.framework */ = {isa = PBXFileReference; lastKnownFileType = wrapper.framework; name = Alamofire.framework; path = Carthage/Build/iOS/Alamofire.framework; sourceTree = "<group>"; };
/* End PBXFileReference section */

/* Begin PBXFrameworksBuildPhase section */
		9A00763625809F6900D38B9B /* Frameworks */ = {
			isa = PBXFrameworksBuildPhase;
			buildActionMask = 2147483647;
			files = (
				9ABDB59C2580FC8C008D197D /* Alamofire.framework in Frameworks */,
				9A0076AB2580D86F00D38B9B /* ImageSlideshow.framework in Frameworks */,
				9A0076A92580D86E00D38B9B /* TLPhotoPicker.framework in Frameworks */,
			);
			runOnlyForDeploymentPostprocessing = 0;
		};
		9A00764C25809F6B00D38B9B /* Frameworks */ = {
			isa = PBXFrameworksBuildPhase;
			buildActionMask = 2147483647;
			files = (
			);
			runOnlyForDeploymentPostprocessing = 0;
		};
		9A00765725809F6B00D38B9B /* Frameworks */ = {
			isa = PBXFrameworksBuildPhase;
			buildActionMask = 2147483647;
			files = (
			);
			runOnlyForDeploymentPostprocessing = 0;
		};
/* End PBXFrameworksBuildPhase section */

/* Begin PBXGroup section */
		9A00763025809F6900D38B9B = {
			isa = PBXGroup;
			children = (
				9A00763B25809F6900D38B9B /* multiple-images */,
				9A00765225809F6B00D38B9B /* multiple-imagesTests */,
				9A00765D25809F6B00D38B9B /* multiple-imagesUITests */,
				9A00763A25809F6900D38B9B /* Products */,
				9A00766F2580AFBE00D38B9B /* Frameworks */,
			);
			sourceTree = "<group>";
		};
		9A00763A25809F6900D38B9B /* Products */ = {
			isa = PBXGroup;
			children = (
				9A00763925809F6900D38B9B /* multiple-images.app */,
				9A00764F25809F6B00D38B9B /* multiple-imagesTests.xctest */,
				9A00765A25809F6B00D38B9B /* multiple-imagesUITests.xctest */,
			);
			name = Products;
			sourceTree = "<group>";
		};
		9A00763B25809F6900D38B9B /* multiple-images */ = {
			isa = PBXGroup;
			children = (
				9A00763C25809F6900D38B9B /* AppDelegate.swift */,
				9A00763E25809F6900D38B9B /* SceneDelegate.swift */,
				9A00764025809F6900D38B9B /* ViewController.swift */,
				9A00764225809F6900D38B9B /* Main.storyboard */,
				9A00764525809F6A00D38B9B /* Assets.xcassets */,
				9A00764725809F6A00D38B9B /* LaunchScreen.storyboard */,
				9A00764A25809F6A00D38B9B /* Info.plist */,
				9A7D6EF82583CF710037DFE1 /* ImageSliderViewController.swift */,
				9A7D6F002583D77F0037DFE1 /* AlbumViewController.swift */,
				9A7D6F052583DA6F0037DFE1 /* UploadViewController.swift */,
				9A7D6F0C2583E13D0037DFE1 /* avatar1.png */,
				9A7D6F132583E1FF0037DFE1 /* avatar2.jpg */,
				9A7D6F0B2583E13D0037DFE1 /* avatar2.png */,
				9A7D6F0A2583E13D0037DFE1 /* avatar3.png */,
			);
			path = "multiple-images";
			sourceTree = "<group>";
		};
		9A00765225809F6B00D38B9B /* multiple-imagesTests */ = {
			isa = PBXGroup;
			children = (
				9A00765325809F6B00D38B9B /* multiple_imagesTests.swift */,
				9A00765525809F6B00D38B9B /* Info.plist */,
			);
			path = "multiple-imagesTests";
			sourceTree = "<group>";
		};
		9A00765D25809F6B00D38B9B /* multiple-imagesUITests */ = {
			isa = PBXGroup;
			children = (
				9A00765E25809F6B00D38B9B /* multiple_imagesUITests.swift */,
				9A00766025809F6B00D38B9B /* Info.plist */,
			);
			path = "multiple-imagesUITests";
			sourceTree = "<group>";
		};
		9A00766F2580AFBE00D38B9B /* Frameworks */ = {
			isa = PBXGroup;
			children = (
				9ABDB59B2580FC8C008D197D /* Alamofire.framework */,
				9A0076AA2580D86F00D38B9B /* ImageSlideshow.framework */,
				9A0076702580AFBE00D38B9B /* Kingfisher.framework */,
				9A0076712580AFBE00D38B9B /* KingfisherSwiftUI.framework */,
				9A0076732580AFBE00D38B9B /* PhotoSlider.framework */,
				9A0076722580AFBE00D38B9B /* TLPhotoPicker.framework */,
			);
			name = Frameworks;
			sourceTree = "<group>";
		};
/* End PBXGroup section */

/* Begin PBXNativeTarget section */
		9A00763825809F6900D38B9B /* multiple-images */ = {
			isa = PBXNativeTarget;
			buildConfigurationList = 9A00766325809F6B00D38B9B /* Build configuration list for PBXNativeTarget "multiple-images" */;
			buildPhases = (
				9A00763525809F6900D38B9B /* Sources */,
				9A00763625809F6900D38B9B /* Frameworks */,
				9A00763725809F6900D38B9B /* Resources */,
				9A0076782580AFC600D38B9B /* ShellScript */,
			);
			buildRules = (
			);
			dependencies = (
			);
			name = "multiple-images";
			productName = "multiple-images";
			productReference = 9A00763925809F6900D38B9B /* multiple-images.app */;
			productType = "com.apple.product-type.application";
		};
		9A00764E25809F6B00D38B9B /* multiple-imagesTests */ = {
			isa = PBXNativeTarget;
			buildConfigurationList = 9A00766625809F6B00D38B9B /* Build configuration list for PBXNativeTarget "multiple-imagesTests" */;
			buildPhases = (
				9A00764B25809F6B00D38B9B /* Sources */,
				9A00764C25809F6B00D38B9B /* Frameworks */,
				9A00764D25809F6B00D38B9B /* Resources */,
			);
			buildRules = (
			);
			dependencies = (
				9A00765125809F6B00D38B9B /* PBXTargetDependency */,
			);
			name = "multiple-imagesTests";
			productName = "multiple-imagesTests";
			productReference = 9A00764F25809F6B00D38B9B /* multiple-imagesTests.xctest */;
			productType = "com.apple.product-type.bundle.unit-test";
		};
		9A00765925809F6B00D38B9B /* multiple-imagesUITests */ = {
			isa = PBXNativeTarget;
			buildConfigurationList = 9A00766925809F6B00D38B9B /* Build configuration list for PBXNativeTarget "multiple-imagesUITests" */;
			buildPhases = (
				9A00765625809F6B00D38B9B /* Sources */,
				9A00765725809F6B00D38B9B /* Frameworks */,
				9A00765825809F6B00D38B9B /* Resources */,
			);
			buildRules = (
			);
			dependencies = (
				9A00765C25809F6B00D38B9B /* PBXTargetDependency */,
			);
			name = "multiple-imagesUITests";
			productName = "multiple-imagesUITests";
			productReference = 9A00765A25809F6B00D38B9B /* multiple-imagesUITests.xctest */;
			productType = "com.apple.product-type.bundle.ui-testing";
		};
/* End PBXNativeTarget section */

/* Begin PBXProject section */
		9A00763125809F6900D38B9B /* Project object */ = {
			isa = PBXProject;
			attributes = {
				LastSwiftUpdateCheck = 1220;
				LastUpgradeCheck = 1220;
				TargetAttributes = {
					9A00763825809F6900D38B9B = {
						CreatedOnToolsVersion = 12.2;
					};
					9A00764E25809F6B00D38B9B = {
						CreatedOnToolsVersion = 12.2;
						TestTargetID = 9A00763825809F6900D38B9B;
					};
					9A00765925809F6B00D38B9B = {
						CreatedOnToolsVersion = 12.2;
						TestTargetID = 9A00763825809F6900D38B9B;
					};
				};
			};
			buildConfigurationList = 9A00763425809F6900D38B9B /* Build configuration list for PBXProject "multiple-images" */;
			compatibilityVersion = "Xcode 9.3";
			developmentRegion = en;
			hasScannedForEncodings = 0;
			knownRegions = (
				en,
				Base,
			);
			mainGroup = 9A00763025809F6900D38B9B;
			productRefGroup = 9A00763A25809F6900D38B9B /* Products */;
			projectDirPath = "";
			projectRoot = "";
			targets = (
				9A00763825809F6900D38B9B /* multiple-images */,
				9A00764E25809F6B00D38B9B /* multiple-imagesTests */,
				9A00765925809F6B00D38B9B /* multiple-imagesUITests */,
			);
		};
/* End PBXProject section */

/* Begin PBXResourcesBuildPhase section */
		9A00763725809F6900D38B9B /* Resources */ = {
			isa = PBXResourcesBuildPhase;
			buildActionMask = 2147483647;
			files = (
				9A7D6F0D2583E13D0037DFE1 /* avatar3.png in Resources */,
				9A00764925809F6A00D38B9B /* LaunchScreen.storyboard in Resources */,
				9A7D6F0F2583E13D0037DFE1 /* avatar1.png in Resources */,
				9A00764625809F6A00D38B9B /* Assets.xcassets in Resources */,
				9A7D6F0E2583E13D0037DFE1 /* avatar2.png in Resources */,
				9A00764425809F6900D38B9B /* Main.storyboard in Resources */,
				9A7D6F142583E1FF0037DFE1 /* avatar2.jpg in Resources */,
			);
			runOnlyForDeploymentPostprocessing = 0;
		};
		9A00764D25809F6B00D38B9B /* Resources */ = {
			isa = PBXResourcesBuildPhase;
			buildActionMask = 2147483647;
			files = (
			);
			runOnlyForDeploymentPostprocessing = 0;
		};
		9A00765825809F6B00D38B9B /* Resources */ = {
			isa = PBXResourcesBuildPhase;
			buildActionMask = 2147483647;
			files = (
			);
			runOnlyForDeploymentPostprocessing = 0;
		};
/* End PBXResourcesBuildPhase section */

/* Begin PBXShellScriptBuildPhase section */
		9A0076782580AFC600D38B9B /* ShellScript */ = {
			isa = PBXShellScriptBuildPhase;
			buildActionMask = 2147483647;
			files = (
			);
			inputFileListPaths = (
			);
			inputPaths = (
				"$(SRCROOT)/Carthage/Build/iOS/ImageSlideshow.framework",
				"$(SRCROOT)/Carthage/Build/iOS/TLPhotoPicker.framework",
				"$(SRCROOT)/Carthage/Build/iOS/Alamofire.framework",
			);
			outputFileListPaths = (
			);
			outputPaths = (
			);
			runOnlyForDeploymentPostprocessing = 0;
			shellPath = /bin/sh;
			shellScript = "/usr/local/bin/carthage copy-frameworks\n";
		};
/* End PBXShellScriptBuildPhase section */

/* Begin PBXSourcesBuildPhase section */
		9A00763525809F6900D38B9B /* Sources */ = {
			isa = PBXSourcesBuildPhase;
			buildActionMask = 2147483647;
			files = (
				9A00764125809F6900D38B9B /* ViewController.swift in Sources */,
				9A7D6F062583DA6F0037DFE1 /* UploadViewController.swift in Sources */,
				9A7D6F012583D77F0037DFE1 /* AlbumViewController.swift in Sources */,
				9A00763D25809F6900D38B9B /* AppDelegate.swift in Sources */,
				9A00763F25809F6900D38B9B /* SceneDelegate.swift in Sources */,
				9A7D6EF92583CF710037DFE1 /* ImageSliderViewController.swift in Sources */,
			);
			runOnlyForDeploymentPostprocessing = 0;
		};
		9A00764B25809F6B00D38B9B /* Sources */ = {
			isa = PBXSourcesBuildPhase;
			buildActionMask = 2147483647;
			files = (
				9A00765425809F6B00D38B9B /* multiple_imagesTests.swift in Sources */,
			);
			runOnlyForDeploymentPostprocessing = 0;
		};
		9A00765625809F6B00D38B9B /* Sources */ = {
			isa = PBXSourcesBuildPhase;
			buildActionMask = 2147483647;
			files = (
				9A00765F25809F6B00D38B9B /* multiple_imagesUITests.swift in Sources */,
			);
			runOnlyForDeploymentPostprocessing = 0;
		};
/* End PBXSourcesBuildPhase section */

/* Begin PBXTargetDependency section */
		9A00765125809F6B00D38B9B /* PBXTargetDependency */ = {
			isa = PBXTargetDependency;
			target = 9A00763825809F6900D38B9B /* multiple-images */;
			targetProxy = 9A00765025809F6B00D38B9B /* PBXContainerItemProxy */;
		};
		9A00765C25809F6B00D38B9B /* PBXTargetDependency */ = {
			isa = PBXTargetDependency;
			target = 9A00763825809F6900D38B9B /* multiple-images */;
			targetProxy = 9A00765B25809F6B00D38B9B /* PBXContainerItemProxy */;
		};
/* End PBXTargetDependency section */

/* Begin PBXVariantGroup section */
		9A00764225809F6900D38B9B /* Main.storyboard */ = {
			isa = PBXVariantGroup;
			children = (
				9A00764325809F6900D38B9B /* Base */,
			);
			name = Main.storyboard;
			sourceTree = "<group>";
		};
		9A00764725809F6A00D38B9B /* LaunchScreen.storyboard */ = {
			isa = PBXVariantGroup;
			children = (
				9A00764825809F6A00D38B9B /* Base */,
			);
			name = LaunchScreen.storyboard;
			sourceTree = "<group>";
		};
/* End PBXVariantGroup section */

/* Begin XCBuildConfiguration section */
		9A00766125809F6B00D38B9B /* Debug */ = {
			isa = XCBuildConfiguration;
			buildSettings = {
				ALWAYS_SEARCH_USER_PATHS = NO;
				CLANG_ANALYZER_NONNULL = YES;
				CLANG_ANALYZER_NUMBER_OBJECT_CONVERSION = YES_AGGRESSIVE;
				CLANG_CXX_LANGUAGE_STANDARD = "gnu++14";
				CLANG_CXX_LIBRARY = "libc++";
				CLANG_ENABLE_MODULES = YES;
				CLANG_ENABLE_OBJC_ARC = YES;
				CLANG_ENABLE_OBJC_WEAK = YES;
				CLANG_WARN_BLOCK_CAPTURE_AUTORELEASING = YES;
				CLANG_WARN_BOOL_CONVERSION = YES;
				CLANG_WARN_COMMA = YES;
				CLANG_WARN_CONSTANT_CONVERSION = YES;
				CLANG_WARN_DEPRECATED_OBJC_IMPLEMENTATIONS = YES;
				CLANG_WARN_DIRECT_OBJC_ISA_USAGE = YES_ERROR;
				CLANG_WARN_DOCUMENTATION_COMMENTS = YES;
				CLANG_WARN_EMPTY_BODY = YES;
				CLANG_WARN_ENUM_CONVERSION = YES;
				CLANG_WARN_INFINITE_RECURSION = YES;
				CLANG_WARN_INT_CONVERSION = YES;
				CLANG_WARN_NON_LITERAL_NULL_CONVERSION = YES;
				CLANG_WARN_OBJC_IMPLICIT_RETAIN_SELF = YES;
				CLANG_WARN_OBJC_LITERAL_CONVERSION = YES;
				CLANG_WARN_OBJC_ROOT_CLASS = YES_ERROR;
				CLANG_WARN_QUOTED_INCLUDE_IN_FRAMEWORK_HEADER = YES;
				CLANG_WARN_RANGE_LOOP_ANALYSIS = YES;
				CLANG_WARN_STRICT_PROTOTYPES = YES;
				CLANG_WARN_SUSPICIOUS_MOVE = YES;
				CLANG_WARN_UNGUARDED_AVAILABILITY = YES_AGGRESSIVE;
				CLANG_WARN_UNREACHABLE_CODE = YES;
				CLANG_WARN__DUPLICATE_METHOD_MATCH = YES;
				COPY_PHASE_STRIP = NO;
				DEBUG_INFORMATION_FORMAT = dwarf;
				ENABLE_STRICT_OBJC_MSGSEND = YES;
				ENABLE_TESTABILITY = YES;
				GCC_C_LANGUAGE_STANDARD = gnu11;
				GCC_DYNAMIC_NO_PIC = NO;
				GCC_NO_COMMON_BLOCKS = YES;
				GCC_OPTIMIZATION_LEVEL = 0;
				GCC_PREPROCESSOR_DEFINITIONS = (
					"DEBUG=1",
					"$(inherited)",
				);
				GCC_WARN_64_TO_32_BIT_CONVERSION = YES;
				GCC_WARN_ABOUT_RETURN_TYPE = YES_ERROR;
				GCC_WARN_UNDECLARED_SELECTOR = YES;
				GCC_WARN_UNINITIALIZED_AUTOS = YES_AGGRESSIVE;
				GCC_WARN_UNUSED_FUNCTION = YES;
				GCC_WARN_UNUSED_VARIABLE = YES;
				IPHONEOS_DEPLOYMENT_TARGET = 14.2;
				MTL_ENABLE_DEBUG_INFO = INCLUDE_SOURCE;
				MTL_FAST_MATH = YES;
				ONLY_ACTIVE_ARCH = YES;
				SDKROOT = iphoneos;
				SWIFT_ACTIVE_COMPILATION_CONDITIONS = DEBUG;
				SWIFT_OPTIMIZATION_LEVEL = "-Onone";
			};
			name = Debug;
		};
		9A00766225809F6B00D38B9B /* Release */ = {
			isa = XCBuildConfiguration;
			buildSettings = {
				ALWAYS_SEARCH_USER_PATHS = NO;
				CLANG_ANALYZER_NONNULL = YES;
				CLANG_ANALYZER_NUMBER_OBJECT_CONVERSION = YES_AGGRESSIVE;
				CLANG_CXX_LANGUAGE_STANDARD = "gnu++14";
				CLANG_CXX_LIBRARY = "libc++";
				CLANG_ENABLE_MODULES = YES;
				CLANG_ENABLE_OBJC_ARC = YES;
				CLANG_ENABLE_OBJC_WEAK = YES;
				CLANG_WARN_BLOCK_CAPTURE_AUTORELEASING = YES;
				CLANG_WARN_BOOL_CONVERSION = YES;
				CLANG_WARN_COMMA = YES;
				CLANG_WARN_CONSTANT_CONVERSION = YES;
				CLANG_WARN_DEPRECATED_OBJC_IMPLEMENTATIONS = YES;
				CLANG_WARN_DIRECT_OBJC_ISA_USAGE = YES_ERROR;
				CLANG_WARN_DOCUMENTATION_COMMENTS = YES;
				CLANG_WARN_EMPTY_BODY = YES;
				CLANG_WARN_ENUM_CONVERSION = YES;
				CLANG_WARN_INFINITE_RECURSION = YES;
				CLANG_WARN_INT_CONVERSION = YES;
				CLANG_WARN_NON_LITERAL_NULL_CONVERSION = YES;
				CLANG_WARN_OBJC_IMPLICIT_RETAIN_SELF = YES;
				CLANG_WARN_OBJC_LITERAL_CONVERSION = YES;
				CLANG_WARN_OBJC_ROOT_CLASS = YES_ERROR;
				CLANG_WARN_QUOTED_INCLUDE_IN_FRAMEWORK_HEADER = YES;
				CLANG_WARN_RANGE_LOOP_ANALYSIS = YES;
				CLANG_WARN_STRICT_PROTOTYPES = YES;
				CLANG_WARN_SUSPICIOUS_MOVE = YES;
				CLANG_WARN_UNGUARDED_AVAILABILITY = YES_AGGRESSIVE;
				CLANG_WARN_UNREACHABLE_CODE = YES;
				CLANG_WARN__DUPLICATE_METHOD_MATCH = YES;
				COPY_PHASE_STRIP = NO;
				DEBUG_INFORMATION_FORMAT = "dwarf-with-dsym";
				ENABLE_NS_ASSERTIONS = NO;
				ENABLE_STRICT_OBJC_MSGSEND = YES;
				GCC_C_LANGUAGE_STANDARD = gnu11;
				GCC_NO_COMMON_BLOCKS = YES;
				GCC_WARN_64_TO_32_BIT_CONVERSION = YES;
				GCC_WARN_ABOUT_RETURN_TYPE = YES_ERROR;
				GCC_WARN_UNDECLARED_SELECTOR = YES;
				GCC_WARN_UNINITIALIZED_AUTOS = YES_AGGRESSIVE;
				GCC_WARN_UNUSED_FUNCTION = YES;
				GCC_WARN_UNUSED_VARIABLE = YES;
				IPHONEOS_DEPLOYMENT_TARGET = 14.2;
				MTL_ENABLE_DEBUG_INFO = NO;
				MTL_FAST_MATH = YES;
				SDKROOT = iphoneos;
				SWIFT_COMPILATION_MODE = wholemodule;
				SWIFT_OPTIMIZATION_LEVEL = "-O";
				VALIDATE_PRODUCT = YES;
			};
			name = Release;
		};
		9A00766425809F6B00D38B9B /* Debug */ = {
			isa = XCBuildConfiguration;
			buildSettings = {
				ASSETCATALOG_COMPILER_APPICON_NAME = AppIcon;
				ASSETCATALOG_COMPILER_GLOBAL_ACCENT_COLOR_NAME = AccentColor;
				CODE_SIGN_STYLE = Automatic;
				FRAMEWORK_SEARCH_PATHS = (
					"$(inherited)",
					"$(PROJECT_DIR)/Carthage/Build/iOS",
				);
				INFOPLIST_FILE = "multiple-images/Info.plist";
				LD_RUNPATH_SEARCH_PATHS = (
					"$(inherited)",
					"@executable_path/Frameworks",
				);
				PRODUCT_BUNDLE_IDENTIFIER = "com.yologger.multiple-images";
				PRODUCT_NAME = "$(TARGET_NAME)";
				SWIFT_VERSION = 5.0;
				TARGETED_DEVICE_FAMILY = "1,2";
			};
			name = Debug;
		};
		9A00766525809F6B00D38B9B /* Release */ = {
			isa = XCBuildConfiguration;
			buildSettings = {
				ASSETCATALOG_COMPILER_APPICON_NAME = AppIcon;
				ASSETCATALOG_COMPILER_GLOBAL_ACCENT_COLOR_NAME = AccentColor;
				CODE_SIGN_STYLE = Automatic;
				FRAMEWORK_SEARCH_PATHS = (
					"$(inherited)",
					"$(PROJECT_DIR)/Carthage/Build/iOS",
				);
				INFOPLIST_FILE = "multiple-images/Info.plist";
				LD_RUNPATH_SEARCH_PATHS = (
					"$(inherited)",
					"@executable_path/Frameworks",
				);
				PRODUCT_BUNDLE_IDENTIFIER = "com.yologger.multiple-images";
				PRODUCT_NAME = "$(TARGET_NAME)";
				SWIFT_VERSION = 5.0;
				TARGETED_DEVICE_FAMILY = "1,2";
			};
			name = Release;
		};
		9A00766725809F6B00D38B9B /* Debug */ = {
			isa = XCBuildConfiguration;
			buildSettings = {
				ALWAYS_EMBED_SWIFT_STANDARD_LIBRARIES = YES;
				BUNDLE_LOADER = "$(TEST_HOST)";
				CODE_SIGN_STYLE = Automatic;
				INFOPLIST_FILE = "multiple-imagesTests/Info.plist";
				IPHONEOS_DEPLOYMENT_TARGET = 14.2;
				LD_RUNPATH_SEARCH_PATHS = (
					"$(inherited)",
					"@executable_path/Frameworks",
					"@loader_path/Frameworks",
				);
				PRODUCT_BUNDLE_IDENTIFIER = "com.yologger.multiple-imagesTests";
				PRODUCT_NAME = "$(TARGET_NAME)";
				SWIFT_VERSION = 5.0;
				TARGETED_DEVICE_FAMILY = "1,2";
				TEST_HOST = "$(BUILT_PRODUCTS_DIR)/multiple-images.app/multiple-images";
			};
			name = Debug;
		};
		9A00766825809F6B00D38B9B /* Release */ = {
			isa = XCBuildConfiguration;
			buildSettings = {
				ALWAYS_EMBED_SWIFT_STANDARD_LIBRARIES = YES;
				BUNDLE_LOADER = "$(TEST_HOST)";
				CODE_SIGN_STYLE = Automatic;
				INFOPLIST_FILE = "multiple-imagesTests/Info.plist";
				IPHONEOS_DEPLOYMENT_TARGET = 14.2;
				LD_RUNPATH_SEARCH_PATHS = (
					"$(inherited)",
					"@executable_path/Frameworks",
					"@loader_path/Frameworks",
				);
				PRODUCT_BUNDLE_IDENTIFIER = "com.yologger.multiple-imagesTests";
				PRODUCT_NAME = "$(TARGET_NAME)";
				SWIFT_VERSION = 5.0;
				TARGETED_DEVICE_FAMILY = "1,2";
				TEST_HOST = "$(BUILT_PRODUCTS_DIR)/multiple-images.app/multiple-images";
			};
			name = Release;
		};
		9A00766A25809F6B00D38B9B /* Debug */ = {
			isa = XCBuildConfiguration;
			buildSettings = {
				ALWAYS_EMBED_SWIFT_STANDARD_LIBRARIES = YES;
				CODE_SIGN_STYLE = Automatic;
				INFOPLIST_FILE = "multiple-imagesUITests/Info.plist";
				LD_RUNPATH_SEARCH_PATHS = (
					"$(inherited)",
					"@executable_path/Frameworks",
					"@loader_path/Frameworks",
				);
				PRODUCT_BUNDLE_IDENTIFIER = "com.yologger.multiple-imagesUITests";
				PRODUCT_NAME = "$(TARGET_NAME)";
				SWIFT_VERSION = 5.0;
				TARGETED_DEVICE_FAMILY = "1,2";
				TEST_TARGET_NAME = "multiple-images";
			};
			name = Debug;
		};
		9A00766B25809F6B00D38B9B /* Release */ = {
			isa = XCBuildConfiguration;
			buildSettings = {
				ALWAYS_EMBED_SWIFT_STANDARD_LIBRARIES = YES;
				CODE_SIGN_STYLE = Automatic;
				INFOPLIST_FILE = "multiple-imagesUITests/Info.plist";
				LD_RUNPATH_SEARCH_PATHS = (
					"$(inherited)",
					"@executable_path/Frameworks",
					"@loader_path/Frameworks",
				);
				PRODUCT_BUNDLE_IDENTIFIER = "com.yologger.multiple-imagesUITests";
				PRODUCT_NAME = "$(TARGET_NAME)";
				SWIFT_VERSION = 5.0;
				TARGETED_DEVICE_FAMILY = "1,2";
				TEST_TARGET_NAME = "multiple-images";
			};
			name = Release;
		};
/* End XCBuildConfiguration section */

/* Begin XCConfigurationList section */
		9A00763425809F6900D38B9B /* Build configuration list for PBXProject "multiple-images" */ = {
			isa = XCConfigurationList;
			buildConfigurations = (
				9A00766125809F6B00D38B9B /* Debug */,
				9A00766225809F6B00D38B9B /* Release */,
			);
			defaultConfigurationIsVisible = 0;
			defaultConfigurationName = Release;
		};
		9A00766325809F6B00D38B9B /* Build configuration list for PBXNativeTarget "multiple-images" */ = {
			isa = XCConfigurationList;
			buildConfigurations = (
				9A00766425809F6B00D38B9B /* Debug */,
				9A00766525809F6B00D38B9B /* Release */,
			);
			defaultConfigurationIsVisible = 0;
			defaultConfigurationName = Release;
		};
		9A00766625809F6B00D38B9B /* Build configuration list for PBXNativeTarget "multiple-imagesTests" */ = {
			isa = XCConfigurationList;
			buildConfigurations = (
				9A00766725809F6B00D38B9B /* Debug */,
				9A00766825809F6B00D38B9B /* Release */,
			);
			defaultConfigurationIsVisible = 0;
			defaultConfigurationName = Release;
		};
		9A00766925809F6B00D38B9B /* Build configuration list for PBXNativeTarget "multiple-imagesUITests" */ = {
			isa = XCConfigurationList;
			buildConfigurations = (
				9A00766A25809F6B00D38B9B /* Debug */,
				9A00766B25809F6B00D38B9B /* Release */,
			);
			defaultConfigurationIsVisible = 0;
			defaultConfigurationName = Release;
		};
/* End XCConfigurationList section */
	};
	rootObject = 9A00763125809F6900D38B9B /* Project object */;
}
